// !$*UTF8*$!
{
	archiveVersion = 1;
	classes = {
	};
	objectVersion = 51;
	objects = {

/* Begin PBXBuildFile section */
		04F558A623FC27B5005619AF /* WelcomeCVCell.swift in Sources */ = {isa = PBXBuildFile; fileRef = 04F5589423FC27B4005619AF /* WelcomeCVCell.swift */; };
		04F558A723FC27B5005619AF /* LoginVC.xib in Resources */ = {isa = PBXBuildFile; fileRef = 04F5589523FC27B4005619AF /* LoginVC.xib */; };
		04F558A823FC27B5005619AF /* WelcomeVC.xib in Resources */ = {isa = PBXBuildFile; fileRef = 04F5589623FC27B4005619AF /* WelcomeVC.xib */; };
		04F558A923FC27B5005619AF /* ConfirmVC.xib in Resources */ = {isa = PBXBuildFile; fileRef = 04F5589723FC27B4005619AF /* ConfirmVC.xib */; };
		04F558AA23FC27B5005619AF /* CityTableCell.xib in Resources */ = {isa = PBXBuildFile; fileRef = 04F5589823FC27B4005619AF /* CityTableCell.xib */; };
		04F558AB23FC27B5005619AF /* ConfirmVC.swift in Sources */ = {isa = PBXBuildFile; fileRef = 04F5589923FC27B4005619AF /* ConfirmVC.swift */; };
		04F558AC23FC27B5005619AF /* LoginVC.swift in Sources */ = {isa = PBXBuildFile; fileRef = 04F5589A23FC27B4005619AF /* LoginVC.swift */; };
		04F558AD23FC27B5005619AF /* DefaultKeys.swift in Sources */ = {isa = PBXBuildFile; fileRef = 04F5589B23FC27B4005619AF /* DefaultKeys.swift */; };
		04F558AE23FC27B5005619AF /* CityTableVC.xib in Resources */ = {isa = PBXBuildFile; fileRef = 04F5589C23FC27B4005619AF /* CityTableVC.xib */; };
		04F558AF23FC27B5005619AF /* CityTableCell.swift in Sources */ = {isa = PBXBuildFile; fileRef = 04F5589D23FC27B4005619AF /* CityTableCell.swift */; };
		04F558B023FC27B5005619AF /* Lang.swift in Sources */ = {isa = PBXBuildFile; fileRef = 04F5589E23FC27B5005619AF /* Lang.swift */; };
		04F558B123FC27B5005619AF /* GeneraltableVC.xib in Resources */ = {isa = PBXBuildFile; fileRef = 04F5589F23FC27B5005619AF /* GeneraltableVC.xib */; };
		04F558B223FC27B5005619AF /* WelcomeCVCell.xib in Resources */ = {isa = PBXBuildFile; fileRef = 04F558A023FC27B5005619AF /* WelcomeCVCell.xib */; };
		04F558B323FC27B5005619AF /* CityTableDM.swift in Sources */ = {isa = PBXBuildFile; fileRef = 04F558A123FC27B5005619AF /* CityTableDM.swift */; };
		04F558B423FC27B5005619AF /* CityTableVC.swift in Sources */ = {isa = PBXBuildFile; fileRef = 04F558A223FC27B5005619AF /* CityTableVC.swift */; };
		04F558B523FC27B5005619AF /* GeneraltableVC.swift in Sources */ = {isa = PBXBuildFile; fileRef = 04F558A323FC27B5005619AF /* GeneraltableVC.swift */; };
		04F558B623FC27B5005619AF /* WelcomeVC.swift in Sources */ = {isa = PBXBuildFile; fileRef = 04F558A423FC27B5005619AF /* WelcomeVC.swift */; };
		04F558B723FC27B5005619AF /* WelcomeDM.swift in Sources */ = {isa = PBXBuildFile; fileRef = 04F558A523FC27B5005619AF /* WelcomeDM.swift */; };
		04F558BA23FD2BE7005619AF /* CitySearchVC.swift in Sources */ = {isa = PBXBuildFile; fileRef = 04F558B823FD2BE7005619AF /* CitySearchVC.swift */; };
		04F558BB23FD2BE7005619AF /* CitySearchVC.xib in Resources */ = {isa = PBXBuildFile; fileRef = 04F558B923FD2BE7005619AF /* CitySearchVC.xib */; };
		04F558C1240118CD005619AF /* String_Extension.swift in Sources */ = {isa = PBXBuildFile; fileRef = 04F558C0240118CD005619AF /* String_Extension.swift */; };
		2D611AD5240260C800E4E0F6 /* ChooseDeliveryTimeVC.swift in Sources */ = {isa = PBXBuildFile; fileRef = 2D611AD3240260C800E4E0F6 /* ChooseDeliveryTimeVC.swift */; };
		2D611AD6240260C800E4E0F6 /* ChooseDeliveryTimeVC.xib in Resources */ = {isa = PBXBuildFile; fileRef = 2D611AD4240260C800E4E0F6 /* ChooseDeliveryTimeVC.xib */; };
		2D611AD924028EA900E4E0F6 /* ChooseDeliveryTimeCVC.swift in Sources */ = {isa = PBXBuildFile; fileRef = 2D611AD724028EA900E4E0F6 /* ChooseDeliveryTimeCVC.swift */; };
		2D611ADA24028EA900E4E0F6 /* ChooseDeliveryTimeCVC.xib in Resources */ = {isa = PBXBuildFile; fileRef = 2D611AD824028EA900E4E0F6 /* ChooseDeliveryTimeCVC.xib */; };
		2D611ADD24028EE400E4E0F6 /* ChooseDeliveryTimeTVC.swift in Sources */ = {isa = PBXBuildFile; fileRef = 2D611ADB24028EE400E4E0F6 /* ChooseDeliveryTimeTVC.swift */; };
		2D611ADE24028EE400E4E0F6 /* ChooseDeliveryTimeTVC.xib in Resources */ = {isa = PBXBuildFile; fileRef = 2D611ADC24028EE400E4E0F6 /* ChooseDeliveryTimeTVC.xib */; };
		2D611AE12403CC0B00E4E0F6 /* ChoosePaymentMethodVC.swift in Sources */ = {isa = PBXBuildFile; fileRef = 2D611ADF2403CC0B00E4E0F6 /* ChoosePaymentMethodVC.swift */; };
		2D611AE22403CC0B00E4E0F6 /* ChoosePaymentMethodVC.xib in Resources */ = {isa = PBXBuildFile; fileRef = 2D611AE02403CC0B00E4E0F6 /* ChoosePaymentMethodVC.xib */; };
		2D611AE52403CE6E00E4E0F6 /* ChoosePaymentMethodTVC.swift in Sources */ = {isa = PBXBuildFile; fileRef = 2D611AE32403CE6E00E4E0F6 /* ChoosePaymentMethodTVC.swift */; };
		2D611AE62403CE6E00E4E0F6 /* ChoosePaymentMethodTVC.xib in Resources */ = {isa = PBXBuildFile; fileRef = 2D611AE42403CE6E00E4E0F6 /* ChoosePaymentMethodTVC.xib */; };
		2D8CEE0823F5940800354724 /* (null) in Resources */ = {isa = PBXBuildFile; };
		2D8CEE0C23F594DD00354724 /* (null) in Resources */ = {isa = PBXBuildFile; };
		2D8CEE1423F5965D00354724 /* (null) in Resources */ = {isa = PBXBuildFile; };
		2D8CEE1823F666EF00354724 /* (null) in Resources */ = {isa = PBXBuildFile; };
		2D8CEE1C23F6670500354724 /* (null) in Resources */ = {isa = PBXBuildFile; };
		68B4582183887AEC51CB2659 /* Pods_OnlineShoppingClone.framework in Frameworks */ = {isa = PBXBuildFile; fileRef = 151F3E10BD00120DFF0F122A /* Pods_OnlineShoppingClone.framework */; };
		87AAD01423F58FC300C6D353 /* HomeVC.swift in Sources */ = {isa = PBXBuildFile; fileRef = 87AAD01223F58FC300C6D353 /* HomeVC.swift */; };
		87AAD01523F58FC300C6D353 /* HomeVC.xib in Resources */ = {isa = PBXBuildFile; fileRef = 87AAD01323F58FC300C6D353 /* HomeVC.xib */; };
		87AAD01823F5CDDA00C6D353 /* Home_CategoriesTVC.swift in Sources */ = {isa = PBXBuildFile; fileRef = 87AAD01623F5CDDA00C6D353 /* Home_CategoriesTVC.swift */; };
		87AAD01923F5CDDA00C6D353 /* Home_CategoriesTVC.xib in Resources */ = {isa = PBXBuildFile; fileRef = 87AAD01723F5CDDA00C6D353 /* Home_CategoriesTVC.xib */; };
		87AAD01C23F5CE6700C6D353 /* Home_CarouselCVC.swift in Sources */ = {isa = PBXBuildFile; fileRef = 87AAD01A23F5CE6700C6D353 /* Home_CarouselCVC.swift */; };
		87AAD01D23F5CE6700C6D353 /* Home_CarouselCVC.xib in Resources */ = {isa = PBXBuildFile; fileRef = 87AAD01B23F5CE6700C6D353 /* Home_CarouselCVC.xib */; };
		87AAD02023F5D96900C6D353 /* Home_ProductCVC.swift in Sources */ = {isa = PBXBuildFile; fileRef = 87AAD01E23F5D96900C6D353 /* Home_ProductCVC.swift */; };
		87AAD02123F5D96900C6D353 /* Home_ProductCVC.xib in Resources */ = {isa = PBXBuildFile; fileRef = 87AAD01F23F5D96900C6D353 /* Home_ProductCVC.xib */; };
		87AAD02823F661D200C6D353 /* Home_CarouselTVC.swift in Sources */ = {isa = PBXBuildFile; fileRef = 87AAD02623F661D200C6D353 /* Home_CarouselTVC.swift */; };
		87AAD02923F661D200C6D353 /* Home_CarouselTVC.xib in Resources */ = {isa = PBXBuildFile; fileRef = 87AAD02723F661D200C6D353 /* Home_CarouselTVC.xib */; };
		87AAD02C23F67DFA00C6D353 /* Home_CarouselVC.swift in Sources */ = {isa = PBXBuildFile; fileRef = 87AAD02A23F67DFA00C6D353 /* Home_CarouselVC.swift */; };
		87AAD02D23F67DFA00C6D353 /* Home_CarouselVC.xib in Resources */ = {isa = PBXBuildFile; fileRef = 87AAD02B23F67DFA00C6D353 /* Home_CarouselVC.xib */; };
		87AAD03023F684CC00C6D353 /* Home_CarouselVC_CVC.swift in Sources */ = {isa = PBXBuildFile; fileRef = 87AAD02E23F684CC00C6D353 /* Home_CarouselVC_CVC.swift */; };
		87AAD03123F684CC00C6D353 /* Home_CarouselVC_CVC.xib in Resources */ = {isa = PBXBuildFile; fileRef = 87AAD02F23F684CC00C6D353 /* Home_CarouselVC_CVC.xib */; };
		87AAD03423F6CE7600C6D353 /* Home_SearchVC.swift in Sources */ = {isa = PBXBuildFile; fileRef = 87AAD03223F6CE7600C6D353 /* Home_SearchVC.swift */; };
		87AAD03523F6CE7600C6D353 /* Home_SearchVC.xib in Resources */ = {isa = PBXBuildFile; fileRef = 87AAD03323F6CE7600C6D353 /* Home_SearchVC.xib */; };
		87AAD03823F6DDC200C6D353 /* Home_SearchTVC.swift in Sources */ = {isa = PBXBuildFile; fileRef = 87AAD03623F6DDC200C6D353 /* Home_SearchTVC.swift */; };
		87AAD03923F6DDC200C6D353 /* Home_SearchTVC.xib in Resources */ = {isa = PBXBuildFile; fileRef = 87AAD03723F6DDC200C6D353 /* Home_SearchTVC.xib */; };
		8DDEB39C23FC27F200615547 /* AllCategoriesVC.swift in Sources */ = {isa = PBXBuildFile; fileRef = 8DDEB39923FC27F100615547 /* AllCategoriesVC.swift */; };
		8DDEB39D23FC27F200615547 /* MyNavigationVC.swift in Sources */ = {isa = PBXBuildFile; fileRef = 8DDEB39A23FC27F100615547 /* MyNavigationVC.swift */; };
		8DDEB39E23FC27F200615547 /* AllCategoriesVC.xib in Resources */ = {isa = PBXBuildFile; fileRef = 8DDEB39B23FC27F100615547 /* AllCategoriesVC.xib */; };
		F269DDBC23FC431F00E0687C /* NavigationTransition.swift in Sources */ = {isa = PBXBuildFile; fileRef = F269DDBB23FC431F00E0687C /* NavigationTransition.swift */; };
		F26DA37123F55B2300680DD9 /* AppDelegate.swift in Sources */ = {isa = PBXBuildFile; fileRef = F26DA37023F55B2300680DD9 /* AppDelegate.swift */; };
		F26DA37A23F55B2500680DD9 /* Assets.xcassets in Resources */ = {isa = PBXBuildFile; fileRef = F26DA37923F55B2500680DD9 /* Assets.xcassets */; };
		F26DA37D23F55B2500680DD9 /* LaunchScreen.storyboard in Resources */ = {isa = PBXBuildFile; fileRef = F26DA37B23F55B2500680DD9 /* LaunchScreen.storyboard */; };
		F2E2CDA323FBF87800F59588 /* FAQVC.swift in Sources */ = {isa = PBXBuildFile; fileRef = F2E2CD9923FBF87800F59588 /* FAQVC.swift */; };
		F2E2CDA423FBF87800F59588 /* FavoriteWatchedTVC.swift in Sources */ = {isa = PBXBuildFile; fileRef = F2E2CD9A23FBF87800F59588 /* FavoriteWatchedTVC.swift */; };
		F2E2CDA523FBF87800F59588 /* PublicOfferVC.swift in Sources */ = {isa = PBXBuildFile; fileRef = F2E2CD9B23FBF87800F59588 /* PublicOfferVC.swift */; };
		F2E2CDA623FBF87800F59588 /* PublicOfferVC.xib in Resources */ = {isa = PBXBuildFile; fileRef = F2E2CD9C23FBF87800F59588 /* PublicOfferVC.xib */; };
		F2E2CDA723FBF87800F59588 /* FAQVC.xib in Resources */ = {isa = PBXBuildFile; fileRef = F2E2CD9D23FBF87800F59588 /* FAQVC.xib */; };
		F2E2CDA823FBF87800F59588 /* WatchedProductsVC.xib in Resources */ = {isa = PBXBuildFile; fileRef = F2E2CD9E23FBF87800F59588 /* WatchedProductsVC.xib */; };
		F2E2CDA923FBF87800F59588 /* FavoriteProductsVC.xib in Resources */ = {isa = PBXBuildFile; fileRef = F2E2CD9F23FBF87800F59588 /* FavoriteProductsVC.xib */; };
		F2E2CDAA23FBF87800F59588 /* FavoriteWatchedTVC.xib in Resources */ = {isa = PBXBuildFile; fileRef = F2E2CDA023FBF87800F59588 /* FavoriteWatchedTVC.xib */; };
		F2E2CDAB23FBF87800F59588 /* FavoriteProductsVC.swift in Sources */ = {isa = PBXBuildFile; fileRef = F2E2CDA123FBF87800F59588 /* FavoriteProductsVC.swift */; };
		F2E2CDAC23FBF87800F59588 /* WatchedProductsVC.swift in Sources */ = {isa = PBXBuildFile; fileRef = F2E2CDA223FBF87800F59588 /* WatchedProductsVC.swift */; };
		F2E2CDB623FBF89C00F59588 /* SideMenuItemTVC.swift in Sources */ = {isa = PBXBuildFile; fileRef = F2E2CDAD23FBF89B00F59588 /* SideMenuItemTVC.swift */; };
		F2E2CDB723FBF89C00F59588 /* ChangeBranchTVC.xib in Resources */ = {isa = PBXBuildFile; fileRef = F2E2CDAE23FBF89B00F59588 /* ChangeBranchTVC.xib */; };
		F2E2CDB823FBF89C00F59588 /* ChangeBranchTVC.swift in Sources */ = {isa = PBXBuildFile; fileRef = F2E2CDAF23FBF89B00F59588 /* ChangeBranchTVC.swift */; };
		F2E2CDB923FBF89C00F59588 /* SideMenuItemTVC.xib in Resources */ = {isa = PBXBuildFile; fileRef = F2E2CDB023FBF89B00F59588 /* SideMenuItemTVC.xib */; };
		F2E2CDBA23FBF89C00F59588 /* ChangeBranchVC.xib in Resources */ = {isa = PBXBuildFile; fileRef = F2E2CDB123FBF89B00F59588 /* ChangeBranchVC.xib */; };
		F2E2CDBC23FBF89C00F59588 /* SideMenuVC.swift in Sources */ = {isa = PBXBuildFile; fileRef = F2E2CDB323FBF89B00F59588 /* SideMenuVC.swift */; };
		F2E2CDBD23FBF89C00F59588 /* ChangeBranchVC.swift in Sources */ = {isa = PBXBuildFile; fileRef = F2E2CDB423FBF89C00F59588 /* ChangeBranchVC.swift */; };
		F2E2CDBE23FBF89C00F59588 /* SideMenuVC.xib in Resources */ = {isa = PBXBuildFile; fileRef = F2E2CDB523FBF89C00F59588 /* SideMenuVC.xib */; };
		F2E2CDC623FBF8CA00F59588 /* DetailProductVC.swift in Sources */ = {isa = PBXBuildFile; fileRef = F2E2CDBF23FBF8C900F59588 /* DetailProductVC.swift */; };
		F2E2CDC723FBF8CA00F59588 /* CustomNotification.swift in Sources */ = {isa = PBXBuildFile; fileRef = F2E2CDC023FBF8C900F59588 /* CustomNotification.swift */; };
		F2E2CDC823FBF8CA00F59588 /* DetailProductCVC.xib in Resources */ = {isa = PBXBuildFile; fileRef = F2E2CDC123FBF8C900F59588 /* DetailProductCVC.xib */; };
		F2E2CDC923FBF8CA00F59588 /* CustomTransitionAnimation.swift in Sources */ = {isa = PBXBuildFile; fileRef = F2E2CDC223FBF8CA00F59588 /* CustomTransitionAnimation.swift */; };
		F2E2CDCA23FBF8CA00F59588 /* DetailProductVC.xib in Resources */ = {isa = PBXBuildFile; fileRef = F2E2CDC323FBF8CA00F59588 /* DetailProductVC.xib */; };
		F2E2CDCB23FBF8CA00F59588 /* DetailProductImageVC.swift in Sources */ = {isa = PBXBuildFile; fileRef = F2E2CDC423FBF8CA00F59588 /* DetailProductImageVC.swift */; };
		F2E2CDCC23FBF8CA00F59588 /* DetailProductCVC.swift in Sources */ = {isa = PBXBuildFile; fileRef = F2E2CDC523FBF8CA00F59588 /* DetailProductCVC.swift */; };
/* End PBXBuildFile section */

/* Begin PBXFileReference section */
		04F5589423FC27B4005619AF /* WelcomeCVCell.swift */ = {isa = PBXFileReference; fileEncoding = 4; lastKnownFileType = sourcecode.swift; path = WelcomeCVCell.swift; sourceTree = "<group>"; };
		04F5589523FC27B4005619AF /* LoginVC.xib */ = {isa = PBXFileReference; fileEncoding = 4; lastKnownFileType = file.xib; path = LoginVC.xib; sourceTree = "<group>"; };
		04F5589623FC27B4005619AF /* WelcomeVC.xib */ = {isa = PBXFileReference; fileEncoding = 4; lastKnownFileType = file.xib; path = WelcomeVC.xib; sourceTree = "<group>"; };
		04F5589723FC27B4005619AF /* ConfirmVC.xib */ = {isa = PBXFileReference; fileEncoding = 4; lastKnownFileType = file.xib; path = ConfirmVC.xib; sourceTree = "<group>"; };
		04F5589823FC27B4005619AF /* CityTableCell.xib */ = {isa = PBXFileReference; fileEncoding = 4; lastKnownFileType = file.xib; path = CityTableCell.xib; sourceTree = "<group>"; };
		04F5589923FC27B4005619AF /* ConfirmVC.swift */ = {isa = PBXFileReference; fileEncoding = 4; lastKnownFileType = sourcecode.swift; path = ConfirmVC.swift; sourceTree = "<group>"; };
		04F5589A23FC27B4005619AF /* LoginVC.swift */ = {isa = PBXFileReference; fileEncoding = 4; lastKnownFileType = sourcecode.swift; path = LoginVC.swift; sourceTree = "<group>"; };
		04F5589B23FC27B4005619AF /* DefaultKeys.swift */ = {isa = PBXFileReference; fileEncoding = 4; lastKnownFileType = sourcecode.swift; path = DefaultKeys.swift; sourceTree = "<group>"; };
		04F5589C23FC27B4005619AF /* CityTableVC.xib */ = {isa = PBXFileReference; fileEncoding = 4; lastKnownFileType = file.xib; path = CityTableVC.xib; sourceTree = "<group>"; };
		04F5589D23FC27B4005619AF /* CityTableCell.swift */ = {isa = PBXFileReference; fileEncoding = 4; lastKnownFileType = sourcecode.swift; path = CityTableCell.swift; sourceTree = "<group>"; };
		04F5589E23FC27B5005619AF /* Lang.swift */ = {isa = PBXFileReference; fileEncoding = 4; lastKnownFileType = sourcecode.swift; path = Lang.swift; sourceTree = "<group>"; };
		04F5589F23FC27B5005619AF /* GeneraltableVC.xib */ = {isa = PBXFileReference; fileEncoding = 4; lastKnownFileType = file.xib; path = GeneraltableVC.xib; sourceTree = "<group>"; };
		04F558A023FC27B5005619AF /* WelcomeCVCell.xib */ = {isa = PBXFileReference; fileEncoding = 4; lastKnownFileType = file.xib; path = WelcomeCVCell.xib; sourceTree = "<group>"; };
		04F558A123FC27B5005619AF /* CityTableDM.swift */ = {isa = PBXFileReference; fileEncoding = 4; lastKnownFileType = sourcecode.swift; path = CityTableDM.swift; sourceTree = "<group>"; };
		04F558A223FC27B5005619AF /* CityTableVC.swift */ = {isa = PBXFileReference; fileEncoding = 4; lastKnownFileType = sourcecode.swift; path = CityTableVC.swift; sourceTree = "<group>"; };
		04F558A323FC27B5005619AF /* GeneraltableVC.swift */ = {isa = PBXFileReference; fileEncoding = 4; lastKnownFileType = sourcecode.swift; path = GeneraltableVC.swift; sourceTree = "<group>"; };
		04F558A423FC27B5005619AF /* WelcomeVC.swift */ = {isa = PBXFileReference; fileEncoding = 4; lastKnownFileType = sourcecode.swift; path = WelcomeVC.swift; sourceTree = "<group>"; };
		04F558A523FC27B5005619AF /* WelcomeDM.swift */ = {isa = PBXFileReference; fileEncoding = 4; lastKnownFileType = sourcecode.swift; path = WelcomeDM.swift; sourceTree = "<group>"; };
		04F558B823FD2BE7005619AF /* CitySearchVC.swift */ = {isa = PBXFileReference; lastKnownFileType = sourcecode.swift; path = CitySearchVC.swift; sourceTree = "<group>"; };
		04F558B923FD2BE7005619AF /* CitySearchVC.xib */ = {isa = PBXFileReference; lastKnownFileType = file.xib; path = CitySearchVC.xib; sourceTree = "<group>"; };
		04F558C0240118CD005619AF /* String_Extension.swift */ = {isa = PBXFileReference; lastKnownFileType = sourcecode.swift; path = String_Extension.swift; sourceTree = "<group>"; };
		151F3E10BD00120DFF0F122A /* Pods_OnlineShoppingClone.framework */ = {isa = PBXFileReference; explicitFileType = wrapper.framework; includeInIndex = 0; path = Pods_OnlineShoppingClone.framework; sourceTree = BUILT_PRODUCTS_DIR; };
		2D611AD3240260C800E4E0F6 /* ChooseDeliveryTimeVC.swift */ = {isa = PBXFileReference; lastKnownFileType = sourcecode.swift; path = ChooseDeliveryTimeVC.swift; sourceTree = "<group>"; };
		2D611AD4240260C800E4E0F6 /* ChooseDeliveryTimeVC.xib */ = {isa = PBXFileReference; lastKnownFileType = file.xib; path = ChooseDeliveryTimeVC.xib; sourceTree = "<group>"; };
		2D611AD724028EA900E4E0F6 /* ChooseDeliveryTimeCVC.swift */ = {isa = PBXFileReference; lastKnownFileType = sourcecode.swift; path = ChooseDeliveryTimeCVC.swift; sourceTree = "<group>"; };
		2D611AD824028EA900E4E0F6 /* ChooseDeliveryTimeCVC.xib */ = {isa = PBXFileReference; lastKnownFileType = file.xib; path = ChooseDeliveryTimeCVC.xib; sourceTree = "<group>"; };
		2D611ADB24028EE400E4E0F6 /* ChooseDeliveryTimeTVC.swift */ = {isa = PBXFileReference; lastKnownFileType = sourcecode.swift; path = ChooseDeliveryTimeTVC.swift; sourceTree = "<group>"; };
		2D611ADC24028EE400E4E0F6 /* ChooseDeliveryTimeTVC.xib */ = {isa = PBXFileReference; lastKnownFileType = file.xib; path = ChooseDeliveryTimeTVC.xib; sourceTree = "<group>"; };
		2D611ADF2403CC0B00E4E0F6 /* ChoosePaymentMethodVC.swift */ = {isa = PBXFileReference; lastKnownFileType = sourcecode.swift; path = ChoosePaymentMethodVC.swift; sourceTree = "<group>"; };
		2D611AE02403CC0B00E4E0F6 /* ChoosePaymentMethodVC.xib */ = {isa = PBXFileReference; lastKnownFileType = file.xib; path = ChoosePaymentMethodVC.xib; sourceTree = "<group>"; };
		2D611AE32403CE6E00E4E0F6 /* ChoosePaymentMethodTVC.swift */ = {isa = PBXFileReference; lastKnownFileType = sourcecode.swift; path = ChoosePaymentMethodTVC.swift; sourceTree = "<group>"; };
		2D611AE42403CE6E00E4E0F6 /* ChoosePaymentMethodTVC.xib */ = {isa = PBXFileReference; lastKnownFileType = file.xib; path = ChoosePaymentMethodTVC.xib; sourceTree = "<group>"; };
		87AAD01223F58FC300C6D353 /* HomeVC.swift */ = {isa = PBXFileReference; lastKnownFileType = sourcecode.swift; path = HomeVC.swift; sourceTree = "<group>"; };
		87AAD01323F58FC300C6D353 /* HomeVC.xib */ = {isa = PBXFileReference; lastKnownFileType = file.xib; path = HomeVC.xib; sourceTree = "<group>"; };
		87AAD01623F5CDDA00C6D353 /* Home_CategoriesTVC.swift */ = {isa = PBXFileReference; lastKnownFileType = sourcecode.swift; path = Home_CategoriesTVC.swift; sourceTree = "<group>"; };
		87AAD01723F5CDDA00C6D353 /* Home_CategoriesTVC.xib */ = {isa = PBXFileReference; lastKnownFileType = file.xib; path = Home_CategoriesTVC.xib; sourceTree = "<group>"; };
		87AAD01A23F5CE6700C6D353 /* Home_CarouselCVC.swift */ = {isa = PBXFileReference; lastKnownFileType = sourcecode.swift; path = Home_CarouselCVC.swift; sourceTree = "<group>"; };
		87AAD01B23F5CE6700C6D353 /* Home_CarouselCVC.xib */ = {isa = PBXFileReference; lastKnownFileType = file.xib; path = Home_CarouselCVC.xib; sourceTree = "<group>"; };
		87AAD01E23F5D96900C6D353 /* Home_ProductCVC.swift */ = {isa = PBXFileReference; lastKnownFileType = sourcecode.swift; path = Home_ProductCVC.swift; sourceTree = "<group>"; };
		87AAD01F23F5D96900C6D353 /* Home_ProductCVC.xib */ = {isa = PBXFileReference; lastKnownFileType = file.xib; path = Home_ProductCVC.xib; sourceTree = "<group>"; };
		87AAD02623F661D200C6D353 /* Home_CarouselTVC.swift */ = {isa = PBXFileReference; lastKnownFileType = sourcecode.swift; path = Home_CarouselTVC.swift; sourceTree = "<group>"; };
		87AAD02723F661D200C6D353 /* Home_CarouselTVC.xib */ = {isa = PBXFileReference; lastKnownFileType = file.xib; path = Home_CarouselTVC.xib; sourceTree = "<group>"; };
		87AAD02A23F67DFA00C6D353 /* Home_CarouselVC.swift */ = {isa = PBXFileReference; lastKnownFileType = sourcecode.swift; path = Home_CarouselVC.swift; sourceTree = "<group>"; };
		87AAD02B23F67DFA00C6D353 /* Home_CarouselVC.xib */ = {isa = PBXFileReference; lastKnownFileType = file.xib; path = Home_CarouselVC.xib; sourceTree = "<group>"; };
		87AAD02E23F684CC00C6D353 /* Home_CarouselVC_CVC.swift */ = {isa = PBXFileReference; lastKnownFileType = sourcecode.swift; path = Home_CarouselVC_CVC.swift; sourceTree = "<group>"; };
		87AAD02F23F684CC00C6D353 /* Home_CarouselVC_CVC.xib */ = {isa = PBXFileReference; lastKnownFileType = file.xib; path = Home_CarouselVC_CVC.xib; sourceTree = "<group>"; };
		87AAD03223F6CE7600C6D353 /* Home_SearchVC.swift */ = {isa = PBXFileReference; lastKnownFileType = sourcecode.swift; path = Home_SearchVC.swift; sourceTree = "<group>"; };
		87AAD03323F6CE7600C6D353 /* Home_SearchVC.xib */ = {isa = PBXFileReference; lastKnownFileType = file.xib; path = Home_SearchVC.xib; sourceTree = "<group>"; };
		87AAD03623F6DDC200C6D353 /* Home_SearchTVC.swift */ = {isa = PBXFileReference; lastKnownFileType = sourcecode.swift; path = Home_SearchTVC.swift; sourceTree = "<group>"; };
		87AAD03723F6DDC200C6D353 /* Home_SearchTVC.xib */ = {isa = PBXFileReference; lastKnownFileType = file.xib; path = Home_SearchTVC.xib; sourceTree = "<group>"; };
		8DDEB39923FC27F100615547 /* AllCategoriesVC.swift */ = {isa = PBXFileReference; fileEncoding = 4; lastKnownFileType = sourcecode.swift; path = AllCategoriesVC.swift; sourceTree = "<group>"; };
		8DDEB39A23FC27F100615547 /* MyNavigationVC.swift */ = {isa = PBXFileReference; fileEncoding = 4; lastKnownFileType = sourcecode.swift; path = MyNavigationVC.swift; sourceTree = "<group>"; };
		8DDEB39B23FC27F100615547 /* AllCategoriesVC.xib */ = {isa = PBXFileReference; fileEncoding = 4; lastKnownFileType = file.xib; path = AllCategoriesVC.xib; sourceTree = "<group>"; };
		9165A9340A3603BC2169E201 /* Pods-OnlineShoppingClone.release.xcconfig */ = {isa = PBXFileReference; includeInIndex = 1; lastKnownFileType = text.xcconfig; name = "Pods-OnlineShoppingClone.release.xcconfig"; path = "Target Support Files/Pods-OnlineShoppingClone/Pods-OnlineShoppingClone.release.xcconfig"; sourceTree = "<group>"; };
		F269DDBB23FC431F00E0687C /* NavigationTransition.swift */ = {isa = PBXFileReference; lastKnownFileType = sourcecode.swift; path = NavigationTransition.swift; sourceTree = "<group>"; };
		F26DA36D23F55B2300680DD9 /* OnlineShoppingClone.app */ = {isa = PBXFileReference; explicitFileType = wrapper.application; includeInIndex = 0; path = OnlineShoppingClone.app; sourceTree = BUILT_PRODUCTS_DIR; };
		F26DA37023F55B2300680DD9 /* AppDelegate.swift */ = {isa = PBXFileReference; lastKnownFileType = sourcecode.swift; path = AppDelegate.swift; sourceTree = "<group>"; };
		F26DA37923F55B2500680DD9 /* Assets.xcassets */ = {isa = PBXFileReference; lastKnownFileType = folder.assetcatalog; path = Assets.xcassets; sourceTree = "<group>"; };
		F26DA37C23F55B2500680DD9 /* Base */ = {isa = PBXFileReference; lastKnownFileType = file.storyboard; name = Base; path = Base.lproj/LaunchScreen.storyboard; sourceTree = "<group>"; };
		F26DA37E23F55B2500680DD9 /* Info.plist */ = {isa = PBXFileReference; lastKnownFileType = text.plist.xml; path = Info.plist; sourceTree = "<group>"; };
		F2E2CD9923FBF87800F59588 /* FAQVC.swift */ = {isa = PBXFileReference; fileEncoding = 4; lastKnownFileType = sourcecode.swift; path = FAQVC.swift; sourceTree = "<group>"; };
		F2E2CD9A23FBF87800F59588 /* FavoriteWatchedTVC.swift */ = {isa = PBXFileReference; fileEncoding = 4; lastKnownFileType = sourcecode.swift; path = FavoriteWatchedTVC.swift; sourceTree = "<group>"; };
		F2E2CD9B23FBF87800F59588 /* PublicOfferVC.swift */ = {isa = PBXFileReference; fileEncoding = 4; lastKnownFileType = sourcecode.swift; path = PublicOfferVC.swift; sourceTree = "<group>"; };
		F2E2CD9C23FBF87800F59588 /* PublicOfferVC.xib */ = {isa = PBXFileReference; fileEncoding = 4; lastKnownFileType = file.xib; path = PublicOfferVC.xib; sourceTree = "<group>"; };
		F2E2CD9D23FBF87800F59588 /* FAQVC.xib */ = {isa = PBXFileReference; fileEncoding = 4; lastKnownFileType = file.xib; path = FAQVC.xib; sourceTree = "<group>"; };
		F2E2CD9E23FBF87800F59588 /* WatchedProductsVC.xib */ = {isa = PBXFileReference; fileEncoding = 4; lastKnownFileType = file.xib; path = WatchedProductsVC.xib; sourceTree = "<group>"; };
		F2E2CD9F23FBF87800F59588 /* FavoriteProductsVC.xib */ = {isa = PBXFileReference; fileEncoding = 4; lastKnownFileType = file.xib; path = FavoriteProductsVC.xib; sourceTree = "<group>"; };
		F2E2CDA023FBF87800F59588 /* FavoriteWatchedTVC.xib */ = {isa = PBXFileReference; fileEncoding = 4; lastKnownFileType = file.xib; path = FavoriteWatchedTVC.xib; sourceTree = "<group>"; };
		F2E2CDA123FBF87800F59588 /* FavoriteProductsVC.swift */ = {isa = PBXFileReference; fileEncoding = 4; lastKnownFileType = sourcecode.swift; path = FavoriteProductsVC.swift; sourceTree = "<group>"; };
		F2E2CDA223FBF87800F59588 /* WatchedProductsVC.swift */ = {isa = PBXFileReference; fileEncoding = 4; lastKnownFileType = sourcecode.swift; path = WatchedProductsVC.swift; sourceTree = "<group>"; };
		F2E2CDAD23FBF89B00F59588 /* SideMenuItemTVC.swift */ = {isa = PBXFileReference; fileEncoding = 4; lastKnownFileType = sourcecode.swift; path = SideMenuItemTVC.swift; sourceTree = "<group>"; };
		F2E2CDAE23FBF89B00F59588 /* ChangeBranchTVC.xib */ = {isa = PBXFileReference; fileEncoding = 4; lastKnownFileType = file.xib; path = ChangeBranchTVC.xib; sourceTree = "<group>"; };
		F2E2CDAF23FBF89B00F59588 /* ChangeBranchTVC.swift */ = {isa = PBXFileReference; fileEncoding = 4; lastKnownFileType = sourcecode.swift; path = ChangeBranchTVC.swift; sourceTree = "<group>"; };
		F2E2CDB023FBF89B00F59588 /* SideMenuItemTVC.xib */ = {isa = PBXFileReference; fileEncoding = 4; lastKnownFileType = file.xib; path = SideMenuItemTVC.xib; sourceTree = "<group>"; };
		F2E2CDB123FBF89B00F59588 /* ChangeBranchVC.xib */ = {isa = PBXFileReference; fileEncoding = 4; lastKnownFileType = file.xib; path = ChangeBranchVC.xib; sourceTree = "<group>"; };
		F2E2CDB323FBF89B00F59588 /* SideMenuVC.swift */ = {isa = PBXFileReference; fileEncoding = 4; lastKnownFileType = sourcecode.swift; path = SideMenuVC.swift; sourceTree = "<group>"; };
		F2E2CDB423FBF89C00F59588 /* ChangeBranchVC.swift */ = {isa = PBXFileReference; fileEncoding = 4; lastKnownFileType = sourcecode.swift; path = ChangeBranchVC.swift; sourceTree = "<group>"; };
		F2E2CDB523FBF89C00F59588 /* SideMenuVC.xib */ = {isa = PBXFileReference; fileEncoding = 4; lastKnownFileType = file.xib; path = SideMenuVC.xib; sourceTree = "<group>"; };
		F2E2CDBF23FBF8C900F59588 /* DetailProductVC.swift */ = {isa = PBXFileReference; fileEncoding = 4; lastKnownFileType = sourcecode.swift; path = DetailProductVC.swift; sourceTree = "<group>"; };
		F2E2CDC023FBF8C900F59588 /* CustomNotification.swift */ = {isa = PBXFileReference; fileEncoding = 4; lastKnownFileType = sourcecode.swift; path = CustomNotification.swift; sourceTree = "<group>"; };
		F2E2CDC123FBF8C900F59588 /* DetailProductCVC.xib */ = {isa = PBXFileReference; fileEncoding = 4; lastKnownFileType = file.xib; path = DetailProductCVC.xib; sourceTree = "<group>"; };
		F2E2CDC223FBF8CA00F59588 /* CustomTransitionAnimation.swift */ = {isa = PBXFileReference; fileEncoding = 4; lastKnownFileType = sourcecode.swift; path = CustomTransitionAnimation.swift; sourceTree = "<group>"; };
		F2E2CDC323FBF8CA00F59588 /* DetailProductVC.xib */ = {isa = PBXFileReference; fileEncoding = 4; lastKnownFileType = file.xib; path = DetailProductVC.xib; sourceTree = "<group>"; };
		F2E2CDC423FBF8CA00F59588 /* DetailProductImageVC.swift */ = {isa = PBXFileReference; fileEncoding = 4; lastKnownFileType = sourcecode.swift; path = DetailProductImageVC.swift; sourceTree = "<group>"; };
		F2E2CDC523FBF8CA00F59588 /* DetailProductCVC.swift */ = {isa = PBXFileReference; fileEncoding = 4; lastKnownFileType = sourcecode.swift; path = DetailProductCVC.swift; sourceTree = "<group>"; };
		FC370BBA4B08D306985C0B7C /* Pods-OnlineShoppingClone.debug.xcconfig */ = {isa = PBXFileReference; includeInIndex = 1; lastKnownFileType = text.xcconfig; name = "Pods-OnlineShoppingClone.debug.xcconfig"; path = "Target Support Files/Pods-OnlineShoppingClone/Pods-OnlineShoppingClone.debug.xcconfig"; sourceTree = "<group>"; };
/* End PBXFileReference section */

/* Begin PBXFrameworksBuildPhase section */
		F26DA36A23F55B2300680DD9 /* Frameworks */ = {
			isa = PBXFrameworksBuildPhase;
			buildActionMask = 2147483647;
			files = (
				68B4582183887AEC51CB2659 /* Pods_OnlineShoppingClone.framework in Frameworks */,
			);
			runOnlyForDeploymentPostprocessing = 0;
		};
/* End PBXFrameworksBuildPhase section */

/* Begin PBXGroup section */
		04F5589323FC26DF005619AF /* Aziyza */ = {
			isa = PBXGroup;
			children = (
				04F5589D23FC27B4005619AF /* CityTableCell.swift */,
				04F5589823FC27B4005619AF /* CityTableCell.xib */,
				04F558A123FC27B5005619AF /* CityTableDM.swift */,
				04F558A223FC27B5005619AF /* CityTableVC.swift */,
				04F5589C23FC27B4005619AF /* CityTableVC.xib */,
				04F5589923FC27B4005619AF /* ConfirmVC.swift */,
				04F5589723FC27B4005619AF /* ConfirmVC.xib */,
				04F5589B23FC27B4005619AF /* DefaultKeys.swift */,
				04F558A323FC27B5005619AF /* GeneraltableVC.swift */,
				04F5589F23FC27B5005619AF /* GeneraltableVC.xib */,
				04F5589E23FC27B5005619AF /* Lang.swift */,
				04F5589A23FC27B4005619AF /* LoginVC.swift */,
				04F5589523FC27B4005619AF /* LoginVC.xib */,
				04F5589423FC27B4005619AF /* WelcomeCVCell.swift */,
				04F558A023FC27B5005619AF /* WelcomeCVCell.xib */,
				04F558A523FC27B5005619AF /* WelcomeDM.swift */,
				04F558A423FC27B5005619AF /* WelcomeVC.swift */,
				04F5589623FC27B4005619AF /* WelcomeVC.xib */,
				04F558B823FD2BE7005619AF /* CitySearchVC.swift */,
				04F558B923FD2BE7005619AF /* CitySearchVC.xib */,
				04F558C0240118CD005619AF /* String_Extension.swift */,
			);
			path = Aziyza;
			sourceTree = "<group>";
		};
		1449791B736CC4CF63105153 /* Frameworks */ = {
			isa = PBXGroup;
			children = (
				151F3E10BD00120DFF0F122A /* Pods_OnlineShoppingClone.framework */,
			);
			name = Frameworks;
			sourceTree = "<group>";
		};
		2CE78610662F97890509C832 /* Pods */ = {
			isa = PBXGroup;
			children = (
				FC370BBA4B08D306985C0B7C /* Pods-OnlineShoppingClone.debug.xcconfig */,
				9165A9340A3603BC2169E201 /* Pods-OnlineShoppingClone.release.xcconfig */,
			);
			path = Pods;
			sourceTree = "<group>";
		};
		2D611AE72403F77C00E4E0F6 /* FAQ */ = {
			isa = PBXGroup;
			children = (
				F2E2CD9923FBF87800F59588 /* FAQVC.swift */,
				F2E2CD9D23FBF87800F59588 /* FAQVC.xib */,
			);
			path = FAQ;
			sourceTree = "<group>";
		};
		2D611AE82403F78E00E4E0F6 /* Favorite Products */ = {
			isa = PBXGroup;
			children = (
				2D611AE92403F7AF00E4E0F6 /* TVC */,
				F2E2CDA123FBF87800F59588 /* FavoriteProductsVC.swift */,
				F2E2CD9F23FBF87800F59588 /* FavoriteProductsVC.xib */,
			);
			path = "Favorite Products";
			sourceTree = "<group>";
		};
		2D611AE92403F7AF00E4E0F6 /* TVC */ = {
			isa = PBXGroup;
			children = (
				F2E2CD9A23FBF87800F59588 /* FavoriteWatchedTVC.swift */,
				F2E2CDA023FBF87800F59588 /* FavoriteWatchedTVC.xib */,
			);
			path = TVC;
			sourceTree = "<group>";
		};
		2D611AEA2403F7D200E4E0F6 /* Public Offer */ = {
			isa = PBXGroup;
			children = (
				F2E2CD9B23FBF87800F59588 /* PublicOfferVC.swift */,
				F2E2CD9C23FBF87800F59588 /* PublicOfferVC.xib */,
			);
			path = "Public Offer";
			sourceTree = "<group>";
		};
		2D611AEB2403F7ED00E4E0F6 /* Watched Products */ = {
			isa = PBXGroup;
			children = (
				F2E2CDA223FBF87800F59588 /* WatchedProductsVC.swift */,
				F2E2CD9E23FBF87800F59588 /* WatchedProductsVC.xib */,
			);
			path = "Watched Products";
			sourceTree = "<group>";
		};
		2D611AEC2403F80B00E4E0F6 /* Delivery Time */ = {
			isa = PBXGroup;
			children = (
				2D611AEE2403F82F00E4E0F6 /* CVC */,
				2D611AED2403F82200E4E0F6 /* TVC */,
				2D611AD3240260C800E4E0F6 /* ChooseDeliveryTimeVC.swift */,
				2D611AD4240260C800E4E0F6 /* ChooseDeliveryTimeVC.xib */,
			);
			path = "Delivery Time";
			sourceTree = "<group>";
		};
		2D611AED2403F82200E4E0F6 /* TVC */ = {
			isa = PBXGroup;
			children = (
				2D611ADB24028EE400E4E0F6 /* ChooseDeliveryTimeTVC.swift */,
				2D611ADC24028EE400E4E0F6 /* ChooseDeliveryTimeTVC.xib */,
			);
			path = TVC;
			sourceTree = "<group>";
		};
		2D611AEE2403F82F00E4E0F6 /* CVC */ = {
			isa = PBXGroup;
			children = (
				2D611AD724028EA900E4E0F6 /* ChooseDeliveryTimeCVC.swift */,
				2D611AD824028EA900E4E0F6 /* ChooseDeliveryTimeCVC.xib */,
			);
			path = CVC;
			sourceTree = "<group>";
		};
		2D611AEF2403F84000E4E0F6 /* Payment Method */ = {
			isa = PBXGroup;
			children = (
				2D611AF02403F85100E4E0F6 /* TVC */,
				2D611ADF2403CC0B00E4E0F6 /* ChoosePaymentMethodVC.swift */,
				2D611AE02403CC0B00E4E0F6 /* ChoosePaymentMethodVC.xib */,
			);
			path = "Payment Method";
			sourceTree = "<group>";
		};
		2D611AF02403F85100E4E0F6 /* TVC */ = {
			isa = PBXGroup;
			children = (
				2D611AE32403CE6E00E4E0F6 /* ChoosePaymentMethodTVC.swift */,
				2D611AE42403CE6E00E4E0F6 /* ChoosePaymentMethodTVC.xib */,
			);
			path = TVC;
			sourceTree = "<group>";
		};
		87FD394523F82FDA00991317 /* Shakhzod */ = {
			isa = PBXGroup;
			children = (
				87AAD01223F58FC300C6D353 /* HomeVC.swift */,
				87AAD01323F58FC300C6D353 /* HomeVC.xib */,
				87AAD01623F5CDDA00C6D353 /* Home_CategoriesTVC.swift */,
				87AAD01723F5CDDA00C6D353 /* Home_CategoriesTVC.xib */,
				87AAD01A23F5CE6700C6D353 /* Home_CarouselCVC.swift */,
				87AAD01B23F5CE6700C6D353 /* Home_CarouselCVC.xib */,
				87AAD01E23F5D96900C6D353 /* Home_ProductCVC.swift */,
				87AAD01F23F5D96900C6D353 /* Home_ProductCVC.xib */,
				87AAD02623F661D200C6D353 /* Home_CarouselTVC.swift */,
				87AAD02723F661D200C6D353 /* Home_CarouselTVC.xib */,
				87AAD02A23F67DFA00C6D353 /* Home_CarouselVC.swift */,
				87AAD02B23F67DFA00C6D353 /* Home_CarouselVC.xib */,
				87AAD02E23F684CC00C6D353 /* Home_CarouselVC_CVC.swift */,
				87AAD02F23F684CC00C6D353 /* Home_CarouselVC_CVC.xib */,
				87AAD03223F6CE7600C6D353 /* Home_SearchVC.swift */,
				87AAD03323F6CE7600C6D353 /* Home_SearchVC.xib */,
				87AAD03623F6DDC200C6D353 /* Home_SearchTVC.swift */,
				87AAD03723F6DDC200C6D353 /* Home_SearchTVC.xib */,
			);
			path = Shakhzod;
			sourceTree = "<group>";
		};
		F26DA36423F55B2300680DD9 = {
			isa = PBXGroup;
			children = (
				F26DA36F23F55B2300680DD9 /* OnlineShoppingClone */,
				F26DA36E23F55B2300680DD9 /* Products */,
				2CE78610662F97890509C832 /* Pods */,
				1449791B736CC4CF63105153 /* Frameworks */,
			);
			sourceTree = "<group>";
		};
		F26DA36E23F55B2300680DD9 /* Products */ = {
			isa = PBXGroup;
			children = (
				F26DA36D23F55B2300680DD9 /* OnlineShoppingClone.app */,
			);
			name = Products;
			sourceTree = "<group>";
		};
		F26DA36F23F55B2300680DD9 /* OnlineShoppingClone */ = {
			isa = PBXGroup;
			children = (
				04F5589323FC26DF005619AF /* Aziyza */,
				F2E2CD9823FBF85200F59588 /* Rahmatillo */,
				F2E2CD9723FBF84B00F59588 /* Taqiy */,
				F2E2CD9623FBF84300F59588 /* Eldor */,
				87FD394523F82FDA00991317 /* Shakhzod */,
				F26DA37023F55B2300680DD9 /* AppDelegate.swift */,
				F26DA37923F55B2500680DD9 /* Assets.xcassets */,
				F26DA37B23F55B2500680DD9 /* LaunchScreen.storyboard */,
				F26DA37E23F55B2500680DD9 /* Info.plist */,
				F269DDBB23FC431F00E0687C /* NavigationTransition.swift */,
			);
			path = OnlineShoppingClone;
			sourceTree = "<group>";
		};
		F2E2CD9623FBF84300F59588 /* Eldor */ = {
			isa = PBXGroup;
			children = (
				F2E2CDC023FBF8C900F59588 /* CustomNotification.swift */,
				F2E2CDC223FBF8CA00F59588 /* CustomTransitionAnimation.swift */,
				F2E2CDC523FBF8CA00F59588 /* DetailProductCVC.swift */,
				F2E2CDC123FBF8C900F59588 /* DetailProductCVC.xib */,
				F2E2CDC423FBF8CA00F59588 /* DetailProductImageVC.swift */,
				F2E2CDBF23FBF8C900F59588 /* DetailProductVC.swift */,
				F2E2CDC323FBF8CA00F59588 /* DetailProductVC.xib */,
			);
			path = Eldor;
			sourceTree = "<group>";
		};
		F2E2CD9723FBF84B00F59588 /* Taqiy */ = {
			isa = PBXGroup;
			children = (
				8DDEB39923FC27F100615547 /* AllCategoriesVC.swift */,
				8DDEB39B23FC27F100615547 /* AllCategoriesVC.xib */,
				8DDEB39A23FC27F100615547 /* MyNavigationVC.swift */,
				F2E2CDAF23FBF89B00F59588 /* ChangeBranchTVC.swift */,
				F2E2CDAE23FBF89B00F59588 /* ChangeBranchTVC.xib */,
				F2E2CDB423FBF89C00F59588 /* ChangeBranchVC.swift */,
				F2E2CDB123FBF89B00F59588 /* ChangeBranchVC.xib */,
				F2E2CDAD23FBF89B00F59588 /* SideMenuItemTVC.swift */,
				F2E2CDB023FBF89B00F59588 /* SideMenuItemTVC.xib */,
				F2E2CDB323FBF89B00F59588 /* SideMenuVC.swift */,
				F2E2CDB523FBF89C00F59588 /* SideMenuVC.xib */,
			);
			path = Taqiy;
			sourceTree = "<group>";
		};
		F2E2CD9823FBF85200F59588 /* Rahmatillo */ = {
			isa = PBXGroup;
			children = (
				2D611AEF2403F84000E4E0F6 /* Payment Method */,
				2D611AEC2403F80B00E4E0F6 /* Delivery Time */,
				2D611AEB2403F7ED00E4E0F6 /* Watched Products */,
				2D611AEA2403F7D200E4E0F6 /* Public Offer */,
				2D611AE82403F78E00E4E0F6 /* Favorite Products */,
				2D611AE72403F77C00E4E0F6 /* FAQ */,
			);
			path = Rahmatillo;
			sourceTree = "<group>";
		};
/* End PBXGroup section */

/* Begin PBXNativeTarget section */
		F26DA36C23F55B2300680DD9 /* OnlineShoppingClone */ = {
			isa = PBXNativeTarget;
			buildConfigurationList = F26DA38123F55B2500680DD9 /* Build configuration list for PBXNativeTarget "OnlineShoppingClone" */;
			buildPhases = (
				94C378C6FA54504D633E2BED /* [CP] Check Pods Manifest.lock */,
				F26DA36923F55B2300680DD9 /* Sources */,
				F26DA36A23F55B2300680DD9 /* Frameworks */,
				F26DA36B23F55B2300680DD9 /* Resources */,
				A07D0A0F3D8409C929F02228 /* [CP] Embed Pods Frameworks */,
			);
			buildRules = (
			);
			dependencies = (
			);
			name = OnlineShoppingClone;
			productName = OnlineShoppingClone;
			productReference = F26DA36D23F55B2300680DD9 /* OnlineShoppingClone.app */;
			productType = "com.apple.product-type.application";
		};
/* End PBXNativeTarget section */

/* Begin PBXProject section */
		F26DA36523F55B2300680DD9 /* Project object */ = {
			isa = PBXProject;
			attributes = {
				LastSwiftUpdateCheck = 1130;
				LastUpgradeCheck = 1130;
				ORGANIZATIONNAME = "Nodirbek Asqarov";
				TargetAttributes = {
					F26DA36C23F55B2300680DD9 = {
						CreatedOnToolsVersion = 11.3.1;
					};
				};
			};
			buildConfigurationList = F26DA36823F55B2300680DD9 /* Build configuration list for PBXProject "OnlineShoppingClone" */;
			compatibilityVersion = "Xcode 9.3";
			developmentRegion = en;
			hasScannedForEncodings = 0;
			knownRegions = (
				en,
				Base,
			);
			mainGroup = F26DA36423F55B2300680DD9;
			productRefGroup = F26DA36E23F55B2300680DD9 /* Products */;
			projectDirPath = "";
			projectRoot = "";
			targets = (
				F26DA36C23F55B2300680DD9 /* OnlineShoppingClone */,
			);
		};
/* End PBXProject section */

/* Begin PBXResourcesBuildPhase section */
		F26DA36B23F55B2300680DD9 /* Resources */ = {
			isa = PBXResourcesBuildPhase;
			buildActionMask = 2147483647;
			files = (
				F2E2CDBA23FBF89C00F59588 /* ChangeBranchVC.xib in Resources */,
				87AAD01D23F5CE6700C6D353 /* Home_CarouselCVC.xib in Resources */,
				87AAD02123F5D96900C6D353 /* Home_ProductCVC.xib in Resources */,
				2D611AE22403CC0B00E4E0F6 /* ChoosePaymentMethodVC.xib in Resources */,
				F2E2CDA623FBF87800F59588 /* PublicOfferVC.xib in Resources */,
				2D611ADE24028EE400E4E0F6 /* ChooseDeliveryTimeTVC.xib in Resources */,
				F26DA37D23F55B2500680DD9 /* LaunchScreen.storyboard in Resources */,
				87AAD02D23F67DFA00C6D353 /* Home_CarouselVC.xib in Resources */,
				87AAD02923F661D200C6D353 /* Home_CarouselTVC.xib in Resources */,
				87AAD01523F58FC300C6D353 /* HomeVC.xib in Resources */,
				87AAD01923F5CDDA00C6D353 /* Home_CategoriesTVC.xib in Resources */,
				F2E2CDCA23FBF8CA00F59588 /* DetailProductVC.xib in Resources */,
				87AAD03523F6CE7600C6D353 /* Home_SearchVC.xib in Resources */,
				2D611AD6240260C800E4E0F6 /* ChooseDeliveryTimeVC.xib in Resources */,
				87AAD03923F6DDC200C6D353 /* Home_SearchTVC.xib in Resources */,
				F2E2CDC823FBF8CA00F59588 /* DetailProductCVC.xib in Resources */,
				87AAD03123F684CC00C6D353 /* Home_CarouselVC_CVC.xib in Resources */,
				04F558A723FC27B5005619AF /* LoginVC.xib in Resources */,
				2D611ADA24028EA900E4E0F6 /* ChooseDeliveryTimeCVC.xib in Resources */,
				04F558B223FC27B5005619AF /* WelcomeCVCell.xib in Resources */,
				F2E2CDB723FBF89C00F59588 /* ChangeBranchTVC.xib in Resources */,
				2D611AE62403CE6E00E4E0F6 /* ChoosePaymentMethodTVC.xib in Resources */,
				04F558BB23FD2BE7005619AF /* CitySearchVC.xib in Resources */,
				04F558A823FC27B5005619AF /* WelcomeVC.xib in Resources */,
				04F558AA23FC27B5005619AF /* CityTableCell.xib in Resources */,
				04F558B123FC27B5005619AF /* GeneraltableVC.xib in Resources */,
				04F558A923FC27B5005619AF /* ConfirmVC.xib in Resources */,
				F26DA37A23F55B2500680DD9 /* Assets.xcassets in Resources */,
				8DDEB39E23FC27F200615547 /* AllCategoriesVC.xib in Resources */,
				F2E2CDA823FBF87800F59588 /* WatchedProductsVC.xib in Resources */,
				F2E2CDAA23FBF87800F59588 /* FavoriteWatchedTVC.xib in Resources */,
				2D8CEE1C23F6670500354724 /* (null) in Resources */,
				2D8CEE0823F5940800354724 /* (null) in Resources */,
				F2E2CDB923FBF89C00F59588 /* SideMenuItemTVC.xib in Resources */,
				2D8CEE1423F5965D00354724 /* (null) in Resources */,
				04F558AE23FC27B5005619AF /* CityTableVC.xib in Resources */,
				F2E2CDA923FBF87800F59588 /* FavoriteProductsVC.xib in Resources */,
				2D8CEE0C23F594DD00354724 /* (null) in Resources */,
				F2E2CDBE23FBF89C00F59588 /* SideMenuVC.xib in Resources */,
				2D8CEE1823F666EF00354724 /* (null) in Resources */,
				F2E2CDA723FBF87800F59588 /* FAQVC.xib in Resources */,
			);
			runOnlyForDeploymentPostprocessing = 0;
		};
/* End PBXResourcesBuildPhase section */

/* Begin PBXShellScriptBuildPhase section */
		94C378C6FA54504D633E2BED /* [CP] Check Pods Manifest.lock */ = {
			isa = PBXShellScriptBuildPhase;
			buildActionMask = 2147483647;
			files = (
			);
			inputFileListPaths = (
			);
			inputPaths = (
				"${PODS_PODFILE_DIR_PATH}/Podfile.lock",
				"${PODS_ROOT}/Manifest.lock",
			);
			name = "[CP] Check Pods Manifest.lock";
			outputFileListPaths = (
			);
			outputPaths = (
				"$(DERIVED_FILE_DIR)/Pods-OnlineShoppingClone-checkManifestLockResult.txt",
			);
			runOnlyForDeploymentPostprocessing = 0;
			shellPath = /bin/sh;
			shellScript = "diff \"${PODS_PODFILE_DIR_PATH}/Podfile.lock\" \"${PODS_ROOT}/Manifest.lock\" > /dev/null\nif [ $? != 0 ] ; then\n    # print error to STDERR\n    echo \"error: The sandbox is not in sync with the Podfile.lock. Run 'pod install' or update your CocoaPods installation.\" >&2\n    exit 1\nfi\n# This output is used by Xcode 'outputs' to avoid re-running this script phase.\necho \"SUCCESS\" > \"${SCRIPT_OUTPUT_FILE_0}\"\n";
			showEnvVarsInLog = 0;
		};
		A07D0A0F3D8409C929F02228 /* [CP] Embed Pods Frameworks */ = {
			isa = PBXShellScriptBuildPhase;
			buildActionMask = 2147483647;
			files = (
			);
			inputFileListPaths = (
				"${PODS_ROOT}/Target Support Files/Pods-OnlineShoppingClone/Pods-OnlineShoppingClone-frameworks-${CONFIGURATION}-input-files.xcfilelist",
			);
			name = "[CP] Embed Pods Frameworks";
			outputFileListPaths = (
				"${PODS_ROOT}/Target Support Files/Pods-OnlineShoppingClone/Pods-OnlineShoppingClone-frameworks-${CONFIGURATION}-output-files.xcfilelist",
			);
			runOnlyForDeploymentPostprocessing = 0;
			shellPath = /bin/sh;
			shellScript = "\"${PODS_ROOT}/Target Support Files/Pods-OnlineShoppingClone/Pods-OnlineShoppingClone-frameworks.sh\"\n";
			showEnvVarsInLog = 0;
		};
/* End PBXShellScriptBuildPhase section */

/* Begin PBXSourcesBuildPhase section */
		F26DA36923F55B2300680DD9 /* Sources */ = {
			isa = PBXSourcesBuildPhase;
			buildActionMask = 2147483647;
			files = (
				F2E2CDCC23FBF8CA00F59588 /* DetailProductCVC.swift in Sources */,
				2D611ADD24028EE400E4E0F6 /* ChooseDeliveryTimeTVC.swift in Sources */,
				87AAD01823F5CDDA00C6D353 /* Home_CategoriesTVC.swift in Sources */,
				04F558AC23FC27B5005619AF /* LoginVC.swift in Sources */,
				F26DA37123F55B2300680DD9 /* AppDelegate.swift in Sources */,
				04F558C1240118CD005619AF /* String_Extension.swift in Sources */,
				04F558AB23FC27B5005619AF /* ConfirmVC.swift in Sources */,
				87AAD02023F5D96900C6D353 /* Home_ProductCVC.swift in Sources */,
				87AAD01423F58FC300C6D353 /* HomeVC.swift in Sources */,
				04F558B723FC27B5005619AF /* WelcomeDM.swift in Sources */,
				F2E2CDAC23FBF87800F59588 /* WatchedProductsVC.swift in Sources */,
				2D611AD5240260C800E4E0F6 /* ChooseDeliveryTimeVC.swift in Sources */,
				8DDEB39C23FC27F200615547 /* AllCategoriesVC.swift in Sources */,
				F2E2CDC623FBF8CA00F59588 /* DetailProductVC.swift in Sources */,
				F2E2CDB823FBF89C00F59588 /* ChangeBranchTVC.swift in Sources */,
				04F558B023FC27B5005619AF /* Lang.swift in Sources */,
				87AAD02823F661D200C6D353 /* Home_CarouselTVC.swift in Sources */,
				8DDEB39D23FC27F200615547 /* MyNavigationVC.swift in Sources */,
				F2E2CDBD23FBF89C00F59588 /* ChangeBranchVC.swift in Sources */,
				2D611AD924028EA900E4E0F6 /* ChooseDeliveryTimeCVC.swift in Sources */,
				F2E2CDB623FBF89C00F59588 /* SideMenuItemTVC.swift in Sources */,
				87AAD01C23F5CE6700C6D353 /* Home_CarouselCVC.swift in Sources */,
				87AAD03023F684CC00C6D353 /* Home_CarouselVC_CVC.swift in Sources */,
				F2E2CDC723FBF8CA00F59588 /* CustomNotification.swift in Sources */,
				04F558A623FC27B5005619AF /* WelcomeCVCell.swift in Sources */,
				87AAD03423F6CE7600C6D353 /* Home_SearchVC.swift in Sources */,
				F2E2CDC923FBF8CA00F59588 /* CustomTransitionAnimation.swift in Sources */,
				F2E2CDBC23FBF89C00F59588 /* SideMenuVC.swift in Sources */,
				F2E2CDA423FBF87800F59588 /* FavoriteWatchedTVC.swift in Sources */,
				87AAD03823F6DDC200C6D353 /* Home_SearchTVC.swift in Sources */,
				04F558B423FC27B5005619AF /* CityTableVC.swift in Sources */,
				F2E2CDAB23FBF87800F59588 /* FavoriteProductsVC.swift in Sources */,
				04F558B623FC27B5005619AF /* WelcomeVC.swift in Sources */,
				F2E2CDA323FBF87800F59588 /* FAQVC.swift in Sources */,
				F269DDBC23FC431F00E0687C /* NavigationTransition.swift in Sources */,
				2D611AE52403CE6E00E4E0F6 /* ChoosePaymentMethodTVC.swift in Sources */,
				F2E2CDCB23FBF8CA00F59588 /* DetailProductImageVC.swift in Sources */,
				04F558BA23FD2BE7005619AF /* CitySearchVC.swift in Sources */,
				04F558AD23FC27B5005619AF /* DefaultKeys.swift in Sources */,
				04F558AF23FC27B5005619AF /* CityTableCell.swift in Sources */,
				2D611AE12403CC0B00E4E0F6 /* ChoosePaymentMethodVC.swift in Sources */,
				04F558B523FC27B5005619AF /* GeneraltableVC.swift in Sources */,
				87AAD02C23F67DFA00C6D353 /* Home_CarouselVC.swift in Sources */,
				04F558B323FC27B5005619AF /* CityTableDM.swift in Sources */,
				F2E2CDA523FBF87800F59588 /* PublicOfferVC.swift in Sources */,
			);
			runOnlyForDeploymentPostprocessing = 0;
		};
/* End PBXSourcesBuildPhase section */

/* Begin PBXVariantGroup section */
		F26DA37B23F55B2500680DD9 /* LaunchScreen.storyboard */ = {
			isa = PBXVariantGroup;
			children = (
				F26DA37C23F55B2500680DD9 /* Base */,
			);
			name = LaunchScreen.storyboard;
			sourceTree = "<group>";
		};
/* End PBXVariantGroup section */

/* Begin XCBuildConfiguration section */
		F26DA37F23F55B2500680DD9 /* Debug */ = {
			isa = XCBuildConfiguration;
			buildSettings = {
				ALWAYS_SEARCH_USER_PATHS = NO;
				CLANG_ANALYZER_NONNULL = YES;
				CLANG_ANALYZER_NUMBER_OBJECT_CONVERSION = YES_AGGRESSIVE;
				CLANG_CXX_LANGUAGE_STANDARD = "gnu++14";
				CLANG_CXX_LIBRARY = "libc++";
				CLANG_ENABLE_MODULES = YES;
				CLANG_ENABLE_OBJC_ARC = YES;
				CLANG_ENABLE_OBJC_WEAK = YES;
				CLANG_WARN_BLOCK_CAPTURE_AUTORELEASING = YES;
				CLANG_WARN_BOOL_CONVERSION = YES;
				CLANG_WARN_COMMA = YES;
				CLANG_WARN_CONSTANT_CONVERSION = YES;
				CLANG_WARN_DEPRECATED_OBJC_IMPLEMENTATIONS = YES;
				CLANG_WARN_DIRECT_OBJC_ISA_USAGE = YES_ERROR;
				CLANG_WARN_DOCUMENTATION_COMMENTS = YES;
				CLANG_WARN_EMPTY_BODY = YES;
				CLANG_WARN_ENUM_CONVERSION = YES;
				CLANG_WARN_INFINITE_RECURSION = YES;
				CLANG_WARN_INT_CONVERSION = YES;
				CLANG_WARN_NON_LITERAL_NULL_CONVERSION = YES;
				CLANG_WARN_OBJC_IMPLICIT_RETAIN_SELF = YES;
				CLANG_WARN_OBJC_LITERAL_CONVERSION = YES;
				CLANG_WARN_OBJC_ROOT_CLASS = YES_ERROR;
				CLANG_WARN_RANGE_LOOP_ANALYSIS = YES;
				CLANG_WARN_STRICT_PROTOTYPES = YES;
				CLANG_WARN_SUSPICIOUS_MOVE = YES;
				CLANG_WARN_UNGUARDED_AVAILABILITY = YES_AGGRESSIVE;
				CLANG_WARN_UNREACHABLE_CODE = YES;
				CLANG_WARN__DUPLICATE_METHOD_MATCH = YES;
				COPY_PHASE_STRIP = NO;
				DEBUG_INFORMATION_FORMAT = dwarf;
				ENABLE_STRICT_OBJC_MSGSEND = YES;
				ENABLE_TESTABILITY = YES;
				GCC_C_LANGUAGE_STANDARD = gnu11;
				GCC_DYNAMIC_NO_PIC = NO;
				GCC_NO_COMMON_BLOCKS = YES;
				GCC_OPTIMIZATION_LEVEL = 0;
				GCC_PREPROCESSOR_DEFINITIONS = (
					"DEBUG=1",
					"$(inherited)",
				);
				GCC_WARN_64_TO_32_BIT_CONVERSION = YES;
				GCC_WARN_ABOUT_RETURN_TYPE = YES_ERROR;
				GCC_WARN_UNDECLARED_SELECTOR = YES;
				GCC_WARN_UNINITIALIZED_AUTOS = YES_AGGRESSIVE;
				GCC_WARN_UNUSED_FUNCTION = YES;
				GCC_WARN_UNUSED_VARIABLE = YES;
				IPHONEOS_DEPLOYMENT_TARGET = 11.0;
				MTL_ENABLE_DEBUG_INFO = INCLUDE_SOURCE;
				MTL_FAST_MATH = YES;
				ONLY_ACTIVE_ARCH = YES;
				SDKROOT = iphoneos;
				SWIFT_ACTIVE_COMPILATION_CONDITIONS = DEBUG;
				SWIFT_OPTIMIZATION_LEVEL = "-Onone";
			};
			name = Debug;
		};
		F26DA38023F55B2500680DD9 /* Release */ = {
			isa = XCBuildConfiguration;
			buildSettings = {
				ALWAYS_SEARCH_USER_PATHS = NO;
				CLANG_ANALYZER_NONNULL = YES;
				CLANG_ANALYZER_NUMBER_OBJECT_CONVERSION = YES_AGGRESSIVE;
				CLANG_CXX_LANGUAGE_STANDARD = "gnu++14";
				CLANG_CXX_LIBRARY = "libc++";
				CLANG_ENABLE_MODULES = YES;
				CLANG_ENABLE_OBJC_ARC = YES;
				CLANG_ENABLE_OBJC_WEAK = YES;
				CLANG_WARN_BLOCK_CAPTURE_AUTORELEASING = YES;
				CLANG_WARN_BOOL_CONVERSION = YES;
				CLANG_WARN_COMMA = YES;
				CLANG_WARN_CONSTANT_CONVERSION = YES;
				CLANG_WARN_DEPRECATED_OBJC_IMPLEMENTATIONS = YES;
				CLANG_WARN_DIRECT_OBJC_ISA_USAGE = YES_ERROR;
				CLANG_WARN_DOCUMENTATION_COMMENTS = YES;
				CLANG_WARN_EMPTY_BODY = YES;
				CLANG_WARN_ENUM_CONVERSION = YES;
				CLANG_WARN_INFINITE_RECURSION = YES;
				CLANG_WARN_INT_CONVERSION = YES;
				CLANG_WARN_NON_LITERAL_NULL_CONVERSION = YES;
				CLANG_WARN_OBJC_IMPLICIT_RETAIN_SELF = YES;
				CLANG_WARN_OBJC_LITERAL_CONVERSION = YES;
				CLANG_WARN_OBJC_ROOT_CLASS = YES_ERROR;
				CLANG_WARN_RANGE_LOOP_ANALYSIS = YES;
				CLANG_WARN_STRICT_PROTOTYPES = YES;
				CLANG_WARN_SUSPICIOUS_MOVE = YES;
				CLANG_WARN_UNGUARDED_AVAILABILITY = YES_AGGRESSIVE;
				CLANG_WARN_UNREACHABLE_CODE = YES;
				CLANG_WARN__DUPLICATE_METHOD_MATCH = YES;
				COPY_PHASE_STRIP = NO;
				DEBUG_INFORMATION_FORMAT = "dwarf-with-dsym";
				ENABLE_NS_ASSERTIONS = NO;
				ENABLE_STRICT_OBJC_MSGSEND = YES;
				GCC_C_LANGUAGE_STANDARD = gnu11;
				GCC_NO_COMMON_BLOCKS = YES;
				GCC_WARN_64_TO_32_BIT_CONVERSION = YES;
				GCC_WARN_ABOUT_RETURN_TYPE = YES_ERROR;
				GCC_WARN_UNDECLARED_SELECTOR = YES;
				GCC_WARN_UNINITIALIZED_AUTOS = YES_AGGRESSIVE;
				GCC_WARN_UNUSED_FUNCTION = YES;
				GCC_WARN_UNUSED_VARIABLE = YES;
				IPHONEOS_DEPLOYMENT_TARGET = 11.0;
				MTL_ENABLE_DEBUG_INFO = NO;
				MTL_FAST_MATH = YES;
				SDKROOT = iphoneos;
				SWIFT_COMPILATION_MODE = wholemodule;
				SWIFT_OPTIMIZATION_LEVEL = "-O";
				VALIDATE_PRODUCT = YES;
			};
			name = Release;
		};
		F26DA38223F55B2500680DD9 /* Debug */ = {
			isa = XCBuildConfiguration;
			baseConfigurationReference = FC370BBA4B08D306985C0B7C /* Pods-OnlineShoppingClone.debug.xcconfig */;
			buildSettings = {
				ASSETCATALOG_COMPILER_APPICON_NAME = AppIcon;
				CODE_SIGN_STYLE = Automatic;
				DEVELOPMENT_TEAM = "";
				INFOPLIST_FILE = OnlineShoppingClone/Info.plist;
				IPHONEOS_DEPLOYMENT_TARGET = 11.0;
				LD_RUNPATH_SEARCH_PATHS = (
					"$(inherited)",
					"@executable_path/Frameworks",
				);
				PRODUCT_BUNDLE_IDENTIFIER = uz.define.OnlineShoppingClone;
				PRODUCT_NAME = "$(TARGET_NAME)";
				SWIFT_VERSION = 5.0;
				TARGETED_DEVICE_FAMILY = "1,2";
			};
			name = Debug;
		};
		F26DA38323F55B2500680DD9 /* Release */ = {
			isa = XCBuildConfiguration;
			baseConfigurationReference = 9165A9340A3603BC2169E201 /* Pods-OnlineShoppingClone.release.xcconfig */;
			buildSettings = {
				ASSETCATALOG_COMPILER_APPICON_NAME = AppIcon;
				CODE_SIGN_STYLE = Automatic;
				DEVELOPMENT_TEAM = "";
				INFOPLIST_FILE = OnlineShoppingClone/Info.plist;
				IPHONEOS_DEPLOYMENT_TARGET = 11.0;
				LD_RUNPATH_SEARCH_PATHS = (
					"$(inherited)",
					"@executable_path/Frameworks",
				);
				PRODUCT_BUNDLE_IDENTIFIER = uz.define.OnlineShoppingClone;
				PRODUCT_NAME = "$(TARGET_NAME)";
				SWIFT_VERSION = 5.0;
				TARGETED_DEVICE_FAMILY = "1,2";
			};
			name = Release;
		};
/* End XCBuildConfiguration section */

/* Begin XCConfigurationList section */
		F26DA36823F55B2300680DD9 /* Build configuration list for PBXProject "OnlineShoppingClone" */ = {
			isa = XCConfigurationList;
			buildConfigurations = (
				F26DA37F23F55B2500680DD9 /* Debug */,
				F26DA38023F55B2500680DD9 /* Release */,
			);
			defaultConfigurationIsVisible = 0;
			defaultConfigurationName = Release;
		};
		F26DA38123F55B2500680DD9 /* Build configuration list for PBXNativeTarget "OnlineShoppingClone" */ = {
			isa = XCConfigurationList;
			buildConfigurations = (
				F26DA38223F55B2500680DD9 /* Debug */,
				F26DA38323F55B2500680DD9 /* Release */,
			);
			defaultConfigurationIsVisible = 0;
			defaultConfigurationName = Release;
		};
/* End XCConfigurationList section */
	};
	rootObject = F26DA36523F55B2300680DD9 /* Project object */;
}
