// !$*UTF8*$!
{
	archiveVersion = 1;
	classes = {
	};
	objectVersion = 51;
	objects = {

/* Begin PBXBuildFile section */
		2D8CEE0723F5940800354724 /* FavoriteProductsVC.swift in Sources */ = {isa = PBXBuildFile; fileRef = 2D8CEE0523F5940800354724 /* FavoriteProductsVC.swift */; };
		2D8CEE0823F5940800354724 /* FavoriteProductsVC.xib in Resources */ = {isa = PBXBuildFile; fileRef = 2D8CEE0623F5940800354724 /* FavoriteProductsVC.xib */; };
		2D8CEE0B23F594DD00354724 /* WatchedProductsVC.swift in Sources */ = {isa = PBXBuildFile; fileRef = 2D8CEE0923F594DD00354724 /* WatchedProductsVC.swift */; };
		2D8CEE0C23F594DD00354724 /* WatchedProductsVC.xib in Resources */ = {isa = PBXBuildFile; fileRef = 2D8CEE0A23F594DD00354724 /* WatchedProductsVC.xib */; };
		2D8CEE1323F5965D00354724 /* FavoriteWatchedTVC.swift in Sources */ = {isa = PBXBuildFile; fileRef = 2D8CEE1123F5965D00354724 /* FavoriteWatchedTVC.swift */; };
		2D8CEE1423F5965D00354724 /* FavoriteWatchedTVC.xib in Resources */ = {isa = PBXBuildFile; fileRef = 2D8CEE1223F5965D00354724 /* FavoriteWatchedTVC.xib */; };
		2D8CEE1723F666EF00354724 /* FAQVC.swift in Sources */ = {isa = PBXBuildFile; fileRef = 2D8CEE1523F666EF00354724 /* FAQVC.swift */; };
		2D8CEE1823F666EF00354724 /* FAQVC.xib in Resources */ = {isa = PBXBuildFile; fileRef = 2D8CEE1623F666EF00354724 /* FAQVC.xib */; };
		2D8CEE1B23F6670500354724 /* PublicOfferVC.swift in Sources */ = {isa = PBXBuildFile; fileRef = 2D8CEE1923F6670500354724 /* PublicOfferVC.swift */; };
		2D8CEE1C23F6670500354724 /* PublicOfferVC.xib in Resources */ = {isa = PBXBuildFile; fileRef = 2D8CEE1A23F6670500354724 /* PublicOfferVC.xib */; };
		68B4582183887AEC51CB2659 /* Pods_OnlineShoppingClone.framework in Frameworks */ = {isa = PBXBuildFile; fileRef = 151F3E10BD00120DFF0F122A /* Pods_OnlineShoppingClone.framework */; };
		F26DA37123F55B2300680DD9 /* AppDelegate.swift in Sources */ = {isa = PBXBuildFile; fileRef = F26DA37023F55B2300680DD9 /* AppDelegate.swift */; };
		F26DA37A23F55B2500680DD9 /* Assets.xcassets in Resources */ = {isa = PBXBuildFile; fileRef = F26DA37923F55B2500680DD9 /* Assets.xcassets */; };
		F26DA37D23F55B2500680DD9 /* LaunchScreen.storyboard in Resources */ = {isa = PBXBuildFile; fileRef = F26DA37B23F55B2500680DD9 /* LaunchScreen.storyboard */; };
/* End PBXBuildFile section */

/* Begin PBXFileReference section */
		151F3E10BD00120DFF0F122A /* Pods_OnlineShoppingClone.framework */ = {isa = PBXFileReference; explicitFileType = wrapper.framework; includeInIndex = 0; path = Pods_OnlineShoppingClone.framework; sourceTree = BUILT_PRODUCTS_DIR; };
		2D8CEE0523F5940800354724 /* FavoriteProductsVC.swift */ = {isa = PBXFileReference; lastKnownFileType = sourcecode.swift; path = FavoriteProductsVC.swift; sourceTree = "<group>"; };
		2D8CEE0623F5940800354724 /* FavoriteProductsVC.xib */ = {isa = PBXFileReference; lastKnownFileType = file.xib; path = FavoriteProductsVC.xib; sourceTree = "<group>"; };
		2D8CEE0923F594DD00354724 /* WatchedProductsVC.swift */ = {isa = PBXFileReference; lastKnownFileType = sourcecode.swift; path = WatchedProductsVC.swift; sourceTree = "<group>"; };
		2D8CEE0A23F594DD00354724 /* WatchedProductsVC.xib */ = {isa = PBXFileReference; lastKnownFileType = file.xib; path = WatchedProductsVC.xib; sourceTree = "<group>"; };
		2D8CEE1123F5965D00354724 /* FavoriteWatchedTVC.swift */ = {isa = PBXFileReference; lastKnownFileType = sourcecode.swift; path = FavoriteWatchedTVC.swift; sourceTree = "<group>"; };
		2D8CEE1223F5965D00354724 /* FavoriteWatchedTVC.xib */ = {isa = PBXFileReference; lastKnownFileType = file.xib; path = FavoriteWatchedTVC.xib; sourceTree = "<group>"; };
		2D8CEE1523F666EF00354724 /* FAQVC.swift */ = {isa = PBXFileReference; lastKnownFileType = sourcecode.swift; path = FAQVC.swift; sourceTree = "<group>"; };
		2D8CEE1623F666EF00354724 /* FAQVC.xib */ = {isa = PBXFileReference; lastKnownFileType = file.xib; path = FAQVC.xib; sourceTree = "<group>"; };
		2D8CEE1923F6670500354724 /* PublicOfferVC.swift */ = {isa = PBXFileReference; lastKnownFileType = sourcecode.swift; path = PublicOfferVC.swift; sourceTree = "<group>"; };
		2D8CEE1A23F6670500354724 /* PublicOfferVC.xib */ = {isa = PBXFileReference; lastKnownFileType = file.xib; path = PublicOfferVC.xib; sourceTree = "<group>"; };
		9165A9340A3603BC2169E201 /* Pods-OnlineShoppingClone.release.xcconfig */ = {isa = PBXFileReference; includeInIndex = 1; lastKnownFileType = text.xcconfig; name = "Pods-OnlineShoppingClone.release.xcconfig"; path = "Target Support Files/Pods-OnlineShoppingClone/Pods-OnlineShoppingClone.release.xcconfig"; sourceTree = "<group>"; };
		F26DA36D23F55B2300680DD9 /* OnlineShoppingClone.app */ = {isa = PBXFileReference; explicitFileType = wrapper.application; includeInIndex = 0; path = OnlineShoppingClone.app; sourceTree = BUILT_PRODUCTS_DIR; };
		F26DA37023F55B2300680DD9 /* AppDelegate.swift */ = {isa = PBXFileReference; lastKnownFileType = sourcecode.swift; path = AppDelegate.swift; sourceTree = "<group>"; };
		F26DA37923F55B2500680DD9 /* Assets.xcassets */ = {isa = PBXFileReference; lastKnownFileType = folder.assetcatalog; path = Assets.xcassets; sourceTree = "<group>"; };
		F26DA37C23F55B2500680DD9 /* Base */ = {isa = PBXFileReference; lastKnownFileType = file.storyboard; name = Base; path = Base.lproj/LaunchScreen.storyboard; sourceTree = "<group>"; };
		F26DA37E23F55B2500680DD9 /* Info.plist */ = {isa = PBXFileReference; lastKnownFileType = text.plist.xml; path = Info.plist; sourceTree = "<group>"; };
		FC370BBA4B08D306985C0B7C /* Pods-OnlineShoppingClone.debug.xcconfig */ = {isa = PBXFileReference; includeInIndex = 1; lastKnownFileType = text.xcconfig; name = "Pods-OnlineShoppingClone.debug.xcconfig"; path = "Target Support Files/Pods-OnlineShoppingClone/Pods-OnlineShoppingClone.debug.xcconfig"; sourceTree = "<group>"; };
/* End PBXFileReference section */

/* Begin PBXFrameworksBuildPhase section */
		F26DA36A23F55B2300680DD9 /* Frameworks */ = {
			isa = PBXFrameworksBuildPhase;
			buildActionMask = 2147483647;
			files = (
				68B4582183887AEC51CB2659 /* Pods_OnlineShoppingClone.framework in Frameworks */,
			);
			runOnlyForDeploymentPostprocessing = 0;
		};
/* End PBXFrameworksBuildPhase section */

/* Begin PBXGroup section */
		1449791B736CC4CF63105153 /* Frameworks */ = {
			isa = PBXGroup;
			children = (
				151F3E10BD00120DFF0F122A /* Pods_OnlineShoppingClone.framework */,
			);
			name = Frameworks;
			sourceTree = "<group>";
		};
		2CE78610662F97890509C832 /* Pods */ = {
			isa = PBXGroup;
			children = (
				FC370BBA4B08D306985C0B7C /* Pods-OnlineShoppingClone.debug.xcconfig */,
				9165A9340A3603BC2169E201 /* Pods-OnlineShoppingClone.release.xcconfig */,
			);
			path = Pods;
			sourceTree = "<group>";
		};
		F26DA36423F55B2300680DD9 = {
			isa = PBXGroup;
			children = (
				F26DA36F23F55B2300680DD9 /* OnlineShoppingClone */,
				F26DA36E23F55B2300680DD9 /* Products */,
				2CE78610662F97890509C832 /* Pods */,
				1449791B736CC4CF63105153 /* Frameworks */,
			);
			sourceTree = "<group>";
		};
		F26DA36E23F55B2300680DD9 /* Products */ = {
			isa = PBXGroup;
			children = (
				F26DA36D23F55B2300680DD9 /* OnlineShoppingClone.app */,
			);
			name = Products;
			sourceTree = "<group>";
		};
		F26DA36F23F55B2300680DD9 /* OnlineShoppingClone */ = {
			isa = PBXGroup;
			children = (
				F26DA37023F55B2300680DD9 /* AppDelegate.swift */,
				F26DA37923F55B2500680DD9 /* Assets.xcassets */,
				F26DA37B23F55B2500680DD9 /* LaunchScreen.storyboard */,
				F26DA37E23F55B2500680DD9 /* Info.plist */,
				2D8CEE0523F5940800354724 /* FavoriteProductsVC.swift */,
				2D8CEE0623F5940800354724 /* FavoriteProductsVC.xib */,
				2D8CEE0923F594DD00354724 /* WatchedProductsVC.swift */,
				2D8CEE0A23F594DD00354724 /* WatchedProductsVC.xib */,
				2D8CEE1123F5965D00354724 /* FavoriteWatchedTVC.swift */,
				2D8CEE1223F5965D00354724 /* FavoriteWatchedTVC.xib */,
				2D8CEE1523F666EF00354724 /* FAQVC.swift */,
				2D8CEE1623F666EF00354724 /* FAQVC.xib */,
				2D8CEE1923F6670500354724 /* PublicOfferVC.swift */,
				2D8CEE1A23F6670500354724 /* PublicOfferVC.xib */,
			);
			path = OnlineShoppingClone;
			sourceTree = "<group>";
		};
/* End PBXGroup section */

/* Begin PBXNativeTarget section */
		F26DA36C23F55B2300680DD9 /* OnlineShoppingClone */ = {
			isa = PBXNativeTarget;
			buildConfigurationList = F26DA38123F55B2500680DD9 /* Build configuration list for PBXNativeTarget "OnlineShoppingClone" */;
			buildPhases = (
				94C378C6FA54504D633E2BED /* [CP] Check Pods Manifest.lock */,
				F26DA36923F55B2300680DD9 /* Sources */,
				F26DA36A23F55B2300680DD9 /* Frameworks */,
				F26DA36B23F55B2300680DD9 /* Resources */,
				A07D0A0F3D8409C929F02228 /* [CP] Embed Pods Frameworks */,
			);
			buildRules = (
			);
			dependencies = (
			);
			name = OnlineShoppingClone;
			productName = OnlineShoppingClone;
			productReference = F26DA36D23F55B2300680DD9 /* OnlineShoppingClone.app */;
			productType = "com.apple.product-type.application";
		};
/* End PBXNativeTarget section */

/* Begin PBXProject section */
		F26DA36523F55B2300680DD9 /* Project object */ = {
			isa = PBXProject;
			attributes = {
				LastSwiftUpdateCheck = 1130;
				LastUpgradeCheck = 1130;
				ORGANIZATIONNAME = "Nodirbek Asqarov";
				TargetAttributes = {
					F26DA36C23F55B2300680DD9 = {
						CreatedOnToolsVersion = 11.3.1;
					};
				};
			};
			buildConfigurationList = F26DA36823F55B2300680DD9 /* Build configuration list for PBXProject "OnlineShoppingClone" */;
			compatibilityVersion = "Xcode 9.3";
			developmentRegion = en;
			hasScannedForEncodings = 0;
			knownRegions = (
				en,
				Base,
			);
			mainGroup = F26DA36423F55B2300680DD9;
			productRefGroup = F26DA36E23F55B2300680DD9 /* Products */;
			projectDirPath = "";
			projectRoot = "";
			targets = (
				F26DA36C23F55B2300680DD9 /* OnlineShoppingClone */,
			);
		};
/* End PBXProject section */

/* Begin PBXResourcesBuildPhase section */
		F26DA36B23F55B2300680DD9 /* Resources */ = {
			isa = PBXResourcesBuildPhase;
			buildActionMask = 2147483647;
			files = (
				F26DA37D23F55B2500680DD9 /* LaunchScreen.storyboard in Resources */,
				F26DA37A23F55B2500680DD9 /* Assets.xcassets in Resources */,
				2D8CEE1C23F6670500354724 /* PublicOfferVC.xib in Resources */,
				2D8CEE0823F5940800354724 /* FavoriteProductsVC.xib in Resources */,
				2D8CEE1423F5965D00354724 /* FavoriteWatchedTVC.xib in Resources */,
				2D8CEE0C23F594DD00354724 /* WatchedProductsVC.xib in Resources */,
				2D8CEE1823F666EF00354724 /* FAQVC.xib in Resources */,
			);
			runOnlyForDeploymentPostprocessing = 0;
		};
/* End PBXResourcesBuildPhase section */

/* Begin PBXShellScriptBuildPhase section */
		94C378C6FA54504D633E2BED /* [CP] Check Pods Manifest.lock */ = {
			isa = PBXShellScriptBuildPhase;
			buildActionMask = 2147483647;
			files = (
			);
			inputFileListPaths = (
			);
			inputPaths = (
				"${PODS_PODFILE_DIR_PATH}/Podfile.lock",
				"${PODS_ROOT}/Manifest.lock",
			);
			name = "[CP] Check Pods Manifest.lock";
			outputFileListPaths = (
			);
			outputPaths = (
				"$(DERIVED_FILE_DIR)/Pods-OnlineShoppingClone-checkManifestLockResult.txt",
			);
			runOnlyForDeploymentPostprocessing = 0;
			shellPath = /bin/sh;
			shellScript = "diff \"${PODS_PODFILE_DIR_PATH}/Podfile.lock\" \"${PODS_ROOT}/Manifest.lock\" > /dev/null\nif [ $? != 0 ] ; then\n    # print error to STDERR\n    echo \"error: The sandbox is not in sync with the Podfile.lock. Run 'pod install' or update your CocoaPods installation.\" >&2\n    exit 1\nfi\n# This output is used by Xcode 'outputs' to avoid re-running this script phase.\necho \"SUCCESS\" > \"${SCRIPT_OUTPUT_FILE_0}\"\n";
			showEnvVarsInLog = 0;
		};
		A07D0A0F3D8409C929F02228 /* [CP] Embed Pods Frameworks */ = {
			isa = PBXShellScriptBuildPhase;
			buildActionMask = 2147483647;
			files = (
			);
			inputFileListPaths = (
				"${PODS_ROOT}/Target Support Files/Pods-OnlineShoppingClone/Pods-OnlineShoppingClone-frameworks-${CONFIGURATION}-input-files.xcfilelist",
			);
			name = "[CP] Embed Pods Frameworks";
			outputFileListPaths = (
				"${PODS_ROOT}/Target Support Files/Pods-OnlineShoppingClone/Pods-OnlineShoppingClone-frameworks-${CONFIGURATION}-output-files.xcfilelist",
			);
			runOnlyForDeploymentPostprocessing = 0;
			shellPath = /bin/sh;
			shellScript = "\"${PODS_ROOT}/Target Support Files/Pods-OnlineShoppingClone/Pods-OnlineShoppingClone-frameworks.sh\"\n";
			showEnvVarsInLog = 0;
		};
/* End PBXShellScriptBuildPhase section */

/* Begin PBXSourcesBuildPhase section */
		F26DA36923F55B2300680DD9 /* Sources */ = {
			isa = PBXSourcesBuildPhase;
			buildActionMask = 2147483647;
			files = (
				2D8CEE1323F5965D00354724 /* FavoriteWatchedTVC.swift in Sources */,
				2D8CEE0723F5940800354724 /* FavoriteProductsVC.swift in Sources */,
				2D8CEE0B23F594DD00354724 /* WatchedProductsVC.swift in Sources */,
				2D8CEE1723F666EF00354724 /* FAQVC.swift in Sources */,
				2D8CEE1B23F6670500354724 /* PublicOfferVC.swift in Sources */,
				F26DA37123F55B2300680DD9 /* AppDelegate.swift in Sources */,
			);
			runOnlyForDeploymentPostprocessing = 0;
		};
/* End PBXSourcesBuildPhase section */

/* Begin PBXVariantGroup section */
		F26DA37B23F55B2500680DD9 /* LaunchScreen.storyboard */ = {
			isa = PBXVariantGroup;
			children = (
				F26DA37C23F55B2500680DD9 /* Base */,
			);
			name = LaunchScreen.storyboard;
			sourceTree = "<group>";
		};
/* End PBXVariantGroup section */

/* Begin XCBuildConfiguration section */
		F26DA37F23F55B2500680DD9 /* Debug */ = {
			isa = XCBuildConfiguration;
			buildSettings = {
				ALWAYS_SEARCH_USER_PATHS = NO;
				CLANG_ANALYZER_NONNULL = YES;
				CLANG_ANALYZER_NUMBER_OBJECT_CONVERSION = YES_AGGRESSIVE;
				CLANG_CXX_LANGUAGE_STANDARD = "gnu++14";
				CLANG_CXX_LIBRARY = "libc++";
				CLANG_ENABLE_MODULES = YES;
				CLANG_ENABLE_OBJC_ARC = YES;
				CLANG_ENABLE_OBJC_WEAK = YES;
				CLANG_WARN_BLOCK_CAPTURE_AUTORELEASING = YES;
				CLANG_WARN_BOOL_CONVERSION = YES;
				CLANG_WARN_COMMA = YES;
				CLANG_WARN_CONSTANT_CONVERSION = YES;
				CLANG_WARN_DEPRECATED_OBJC_IMPLEMENTATIONS = YES;
				CLANG_WARN_DIRECT_OBJC_ISA_USAGE = YES_ERROR;
				CLANG_WARN_DOCUMENTATION_COMMENTS = YES;
				CLANG_WARN_EMPTY_BODY = YES;
				CLANG_WARN_ENUM_CONVERSION = YES;
				CLANG_WARN_INFINITE_RECURSION = YES;
				CLANG_WARN_INT_CONVERSION = YES;
				CLANG_WARN_NON_LITERAL_NULL_CONVERSION = YES;
				CLANG_WARN_OBJC_IMPLICIT_RETAIN_SELF = YES;
				CLANG_WARN_OBJC_LITERAL_CONVERSION = YES;
				CLANG_WARN_OBJC_ROOT_CLASS = YES_ERROR;
				CLANG_WARN_RANGE_LOOP_ANALYSIS = YES;
				CLANG_WARN_STRICT_PROTOTYPES = YES;
				CLANG_WARN_SUSPICIOUS_MOVE = YES;
				CLANG_WARN_UNGUARDED_AVAILABILITY = YES_AGGRESSIVE;
				CLANG_WARN_UNREACHABLE_CODE = YES;
				CLANG_WARN__DUPLICATE_METHOD_MATCH = YES;
				COPY_PHASE_STRIP = NO;
				DEBUG_INFORMATION_FORMAT = dwarf;
				ENABLE_STRICT_OBJC_MSGSEND = YES;
				ENABLE_TESTABILITY = YES;
				GCC_C_LANGUAGE_STANDARD = gnu11;
				GCC_DYNAMIC_NO_PIC = NO;
				GCC_NO_COMMON_BLOCKS = YES;
				GCC_OPTIMIZATION_LEVEL = 0;
				GCC_PREPROCESSOR_DEFINITIONS = (
					"DEBUG=1",
					"$(inherited)",
				);
				GCC_WARN_64_TO_32_BIT_CONVERSION = YES;
				GCC_WARN_ABOUT_RETURN_TYPE = YES_ERROR;
				GCC_WARN_UNDECLARED_SELECTOR = YES;
				GCC_WARN_UNINITIALIZED_AUTOS = YES_AGGRESSIVE;
				GCC_WARN_UNUSED_FUNCTION = YES;
				GCC_WARN_UNUSED_VARIABLE = YES;
				IPHONEOS_DEPLOYMENT_TARGET = 13.2;
				MTL_ENABLE_DEBUG_INFO = INCLUDE_SOURCE;
				MTL_FAST_MATH = YES;
				ONLY_ACTIVE_ARCH = YES;
				SDKROOT = iphoneos;
				SWIFT_ACTIVE_COMPILATION_CONDITIONS = DEBUG;
				SWIFT_OPTIMIZATION_LEVEL = "-Onone";
			};
			name = Debug;
		};
		F26DA38023F55B2500680DD9 /* Release */ = {
			isa = XCBuildConfiguration;
			buildSettings = {
				ALWAYS_SEARCH_USER_PATHS = NO;
				CLANG_ANALYZER_NONNULL = YES;
				CLANG_ANALYZER_NUMBER_OBJECT_CONVERSION = YES_AGGRESSIVE;
				CLANG_CXX_LANGUAGE_STANDARD = "gnu++14";
				CLANG_CXX_LIBRARY = "libc++";
				CLANG_ENABLE_MODULES = YES;
				CLANG_ENABLE_OBJC_ARC = YES;
				CLANG_ENABLE_OBJC_WEAK = YES;
				CLANG_WARN_BLOCK_CAPTURE_AUTORELEASING = YES;
				CLANG_WARN_BOOL_CONVERSION = YES;
				CLANG_WARN_COMMA = YES;
				CLANG_WARN_CONSTANT_CONVERSION = YES;
				CLANG_WARN_DEPRECATED_OBJC_IMPLEMENTATIONS = YES;
				CLANG_WARN_DIRECT_OBJC_ISA_USAGE = YES_ERROR;
				CLANG_WARN_DOCUMENTATION_COMMENTS = YES;
				CLANG_WARN_EMPTY_BODY = YES;
				CLANG_WARN_ENUM_CONVERSION = YES;
				CLANG_WARN_INFINITE_RECURSION = YES;
				CLANG_WARN_INT_CONVERSION = YES;
				CLANG_WARN_NON_LITERAL_NULL_CONVERSION = YES;
				CLANG_WARN_OBJC_IMPLICIT_RETAIN_SELF = YES;
				CLANG_WARN_OBJC_LITERAL_CONVERSION = YES;
				CLANG_WARN_OBJC_ROOT_CLASS = YES_ERROR;
				CLANG_WARN_RANGE_LOOP_ANALYSIS = YES;
				CLANG_WARN_STRICT_PROTOTYPES = YES;
				CLANG_WARN_SUSPICIOUS_MOVE = YES;
				CLANG_WARN_UNGUARDED_AVAILABILITY = YES_AGGRESSIVE;
				CLANG_WARN_UNREACHABLE_CODE = YES;
				CLANG_WARN__DUPLICATE_METHOD_MATCH = YES;
				COPY_PHASE_STRIP = NO;
				DEBUG_INFORMATION_FORMAT = "dwarf-with-dsym";
				ENABLE_NS_ASSERTIONS = NO;
				ENABLE_STRICT_OBJC_MSGSEND = YES;
				GCC_C_LANGUAGE_STANDARD = gnu11;
				GCC_NO_COMMON_BLOCKS = YES;
				GCC_WARN_64_TO_32_BIT_CONVERSION = YES;
				GCC_WARN_ABOUT_RETURN_TYPE = YES_ERROR;
				GCC_WARN_UNDECLARED_SELECTOR = YES;
				GCC_WARN_UNINITIALIZED_AUTOS = YES_AGGRESSIVE;
				GCC_WARN_UNUSED_FUNCTION = YES;
				GCC_WARN_UNUSED_VARIABLE = YES;
				IPHONEOS_DEPLOYMENT_TARGET = 13.2;
				MTL_ENABLE_DEBUG_INFO = NO;
				MTL_FAST_MATH = YES;
				SDKROOT = iphoneos;
				SWIFT_COMPILATION_MODE = wholemodule;
				SWIFT_OPTIMIZATION_LEVEL = "-O";
				VALIDATE_PRODUCT = YES;
			};
			name = Release;
		};
		F26DA38223F55B2500680DD9 /* Debug */ = {
			isa = XCBuildConfiguration;
			baseConfigurationReference = FC370BBA4B08D306985C0B7C /* Pods-OnlineShoppingClone.debug.xcconfig */;
			buildSettings = {
				ASSETCATALOG_COMPILER_APPICON_NAME = AppIcon;
				CODE_SIGN_STYLE = Automatic;
				DEVELOPMENT_TEAM = Q6ADGJMW5Y;
				INFOPLIST_FILE = OnlineShoppingClone/Info.plist;
				IPHONEOS_DEPLOYMENT_TARGET = 11.0;
				LD_RUNPATH_SEARCH_PATHS = (
					"$(inherited)",
					"@executable_path/Frameworks",
				);
				PRODUCT_BUNDLE_IDENTIFIER = uz.define.OnlineShoppingClone;
				PRODUCT_NAME = "$(TARGET_NAME)";
				SWIFT_VERSION = 5.0;
				TARGETED_DEVICE_FAMILY = "1,2";
			};
			name = Debug;
		};
		F26DA38323F55B2500680DD9 /* Release */ = {
			isa = XCBuildConfiguration;
			baseConfigurationReference = 9165A9340A3603BC2169E201 /* Pods-OnlineShoppingClone.release.xcconfig */;
			buildSettings = {
				ASSETCATALOG_COMPILER_APPICON_NAME = AppIcon;
				CODE_SIGN_STYLE = Automatic;
				DEVELOPMENT_TEAM = Q6ADGJMW5Y;
				INFOPLIST_FILE = OnlineShoppingClone/Info.plist;
				IPHONEOS_DEPLOYMENT_TARGET = 11.0;
				LD_RUNPATH_SEARCH_PATHS = (
					"$(inherited)",
					"@executable_path/Frameworks",
				);
				PRODUCT_BUNDLE_IDENTIFIER = uz.define.OnlineShoppingClone;
				PRODUCT_NAME = "$(TARGET_NAME)";
				SWIFT_VERSION = 5.0;
				TARGETED_DEVICE_FAMILY = "1,2";
			};
			name = Release;
		};
/* End XCBuildConfiguration section */

/* Begin XCConfigurationList section */
		F26DA36823F55B2300680DD9 /* Build configuration list for PBXProject "OnlineShoppingClone" */ = {
			isa = XCConfigurationList;
			buildConfigurations = (
				F26DA37F23F55B2500680DD9 /* Debug */,
				F26DA38023F55B2500680DD9 /* Release */,
			);
			defaultConfigurationIsVisible = 0;
			defaultConfigurationName = Release;
		};
		F26DA38123F55B2500680DD9 /* Build configuration list for PBXNativeTarget "OnlineShoppingClone" */ = {
			isa = XCConfigurationList;
			buildConfigurations = (
				F26DA38223F55B2500680DD9 /* Debug */,
				F26DA38323F55B2500680DD9 /* Release */,
			);
			defaultConfigurationIsVisible = 0;
			defaultConfigurationName = Release;
		};
/* End XCConfigurationList section */
	};
	rootObject = F26DA36523F55B2300680DD9 /* Project object */;
}
